
Microsoft Visual Studio Solution File, Format Version 12.00
# Visual Studio 15
VisualStudioVersion = 15.0.28307.757
MinimumVisualStudioVersion = 10.0.40219.1
Project("{8BC9CEB8-8B4A-11D0-8D11-00A0C91BC942}") = "gradebook", "gradebook\gradebook.vcxproj", "{F36043DB-A24F-4E34-9F28-B9282D246A5C}"
EndProject
Project("{8BC9CEB8-8B4A-11D0-8D11-00A0C91BC942}") = "driverApp", "gradeBookDriverApp\gradeBookDriverApp.vcxproj", "{46216E98-4BB1-4600-B8AD-D9A48F09B872}"
EndProject
Project("{8BC9CEB8-8B4A-11D0-8D11-00A0C91BC942}") = "account", "account\account.vcxproj", "{3882C1AF-C49D-4E1B-8931-749FFC400B2B}"
EndProject
Project("{8BC9CEB8-8B4A-11D0-8D11-00A0C91BC942}") = "Chapter4-self-review", "Chapter4-self-review\Chapter4-self-review.vcxproj", "{9D1B6A78-E45B-4232-A062-AFC6E7D59B02}"
EndProject
Project("{8BC9CEB8-8B4A-11D0-8D11-00A0C91BC942}") = "Chapter4-exercises-4.13", "Chapter4-exercises\Chapter4-exercises.vcxproj", "{31779E5D-F31A-465F-80AC-A61D4D33F6FA}"
EndProject
Project("{8BC9CEB8-8B4A-11D0-8D11-00A0C91BC942}") = "Chapter4-exercises-4.14", "Chapter4-exercises-4.14\Chapter4-exercises-4.14.vcxproj", "{F7DCEA99-F15B-4AE1-A481-4A5C23C544B3}"
EndProject
Project("{8BC9CEB8-8B4A-11D0-8D11-00A0C91BC942}") = "Chapter4-exercises-4.15", "Chapter4-exercises-4.15\Chapter4-exercises-4.15.vcxproj", "{1CC76972-DA76-47F8-B62F-EFE59DD3CF23}"
EndProject
Project("{8BC9CEB8-8B4A-11D0-8D11-00A0C91BC942}") = "Chapter4-exercises-4.16", "Chapter4-exercises-4.16\Chapter4-exercises-4.16.vcxproj", "{845AD123-1264-4BBF-9E83-A87DA79C72FB}"
EndProject
Project("{8BC9CEB8-8B4A-11D0-8D11-00A0C91BC942}") = "Chapter4-exercise-4.17,4.19", "Chapter4-exercise-4.17\Chapter4-exercise-4.17.vcxproj", "{C8FDAF2E-2F27-4B08-87CA-D441A97B496D}"
EndProject
Project("{8BC9CEB8-8B4A-11D0-8D11-00A0C91BC942}") = "Chapter4-exercise-4.18", "Chapter4-exercise-4.8\Chapter4-exercise-4.8.vcxproj", "{AD4AB12E-E44D-4479-B783-BE21170EC5F9}"
EndProject
Project("{8BC9CEB8-8B4A-11D0-8D11-00A0C91BC942}") = "Chapter4-exercise-4.20", "Chapter4-exercise-4.20\Chapter4-exercise-4.20.vcxproj", "{075AAAF7-AF5B-4DB2-B691-D76175C38CA2}"
EndProject
Project("{8BC9CEB8-8B4A-11D0-8D11-00A0C91BC942}") = "Chapter4-exercise-4.22,4.23", "Chapter4-exercise-4.22\Chapter4-exercise-4.22.vcxproj", "{30E45EC4-0BA8-4AE8-A991-3D2EC13F8DFB}"
EndProject
Project("{8BC9CEB8-8B4A-11D0-8D11-00A0C91BC942}") = "Chapter4-exercise-4.25", "Chapter4-exercise-4.25\Chapter4-exercise-4.25.vcxproj", "{E328AE21-80A7-4EC5-983F-51C127037305}"
EndProject
Project("{8BC9CEB8-8B4A-11D0-8D11-00A0C91BC942}") = "Chapter4-exercises-4.26", "Chapter4-exercises-4.26\Chapter4-exercises-4.26.vcxproj", "{4B662CA5-70D8-4BE7-B545-5C4CD3AFBA28}"
EndProject
Project("{8BC9CEB8-8B4A-11D0-8D11-00A0C91BC942}") = "Chapter4-exercises-4.27", "Chapter4-exercises-4.27\Chapter4-exercises-4.27.vcxproj", "{F93DACDB-C6A0-4BFB-A560-893523E90F4B}"
EndProject
Project("{8BC9CEB8-8B4A-11D0-8D11-00A0C91BC942}") = "Chapter4-exercises-4.28", "Chapter4-exercises-4.28\Chapter4-exercises-4.28.vcxproj", "{86DB6AB9-DAB4-4409-AA47-353CF1F9BDF2}"
EndProject
Project("{8BC9CEB8-8B4A-11D0-8D11-00A0C91BC942}") = "Chapter4-exercises-4.29", "Chapter4-exercises-4.29\Chapter4-exercises-4.29.vcxproj", "{6CD564BA-55C0-48AC-A806-7B345A3303CB}"
EndProject
Project("{8BC9CEB8-8B4A-11D0-8D11-00A0C91BC942}") = "Chapter4-exercises-4.30", "Chapter4-exercises-4.30\Chapter4-exercises-4.30.vcxproj", "{0CC7646B-587B-46E5-B940-9AA93B40C3DA}"
EndProject
Project("{8BC9CEB8-8B4A-11D0-8D11-00A0C91BC942}") = "Chapter4-exercises-4.32", "Chapter4-exercises-4.32\Chapter4-exercises-4.32.vcxproj", "{A289D622-FEFF-4DBE-92ED-63F630A2A64A}"
EndProject
Project("{8BC9CEB8-8B4A-11D0-8D11-00A0C91BC942}") = "Chapter4-exercises-4.33", "Chapter4-exercises-4.33\Chapter4-exercises-4.33.vcxproj", "{19638A2B-437B-43DA-88BE-1D10BFA2E0F8}"
EndProject
Project("{8BC9CEB8-8B4A-11D0-8D11-00A0C91BC942}") = "Chapter4-exercises-4.34", "Chapter4-exercises-4.34\Chapter4-exercises-4.34.vcxproj", "{79851A2C-4619-4D78-8FE0-D284234C8D0C}"
EndProject
Project("{8BC9CEB8-8B4A-11D0-8D11-00A0C91BC942}") = "Chapter4-exercises-4.35", "Chapter4-exercises-4.35\Chapter4-exercises-4.35.vcxproj", "{2DB7FA8A-A167-4FC8-93C4-04C503E6CCD1}"
EndProject
Project("{8BC9CEB8-8B4A-11D0-8D11-00A0C91BC942}") = "Chapter4-exercises-4.36", "Chapter4-exercises-4.36\Chapter4-exercises-4.36.vcxproj", "{615FCEEF-27BB-4657-AB01-256808ED3EDE}"
EndProject
Project("{8BC9CEB8-8B4A-11D0-8D11-00A0C91BC942}") = "Chapter4-exercises-4.37", "Chapter4-exercises-4.37\Chapter4-exercises-4.37.vcxproj", "{4288D606-D464-48EF-92BC-9C974340EE9D}"
EndProject
Project("{8BC9CEB8-8B4A-11D0-8D11-00A0C91BC942}") = "Chapter5-exercises-5.5-5.8", "Chapter5-exercises-5.5\Chapter5-exercises-5.5.vcxproj", "{19D3AB39-76D7-40A1-A618-793F96F3AD2E}"
EndProject
Project("{8BC9CEB8-8B4A-11D0-8D11-00A0C91BC942}") = "Chapter5-execises-5.6", "Chapter5-execises-5.6\Chapter5-execises-5.6.vcxproj", "{EC64A0F0-1C83-448C-81C0-F0C3773B5653}"
EndProject
Project("{8BC9CEB8-8B4A-11D0-8D11-00A0C91BC942}") = "Chapter5-exercises-5.9", "Chapter5-exercises-5.9\Chapter5-exercises-5.9.vcxproj", "{7ECCA7A3-2F25-48E8-8821-40F3FC2FD648}"
EndProject
Project("{8BC9CEB8-8B4A-11D0-8D11-00A0C91BC942}") = "Chapter5-exercises-5.10", "Chapter5-exercises-5.10\Chapter5-exercises-5.10.vcxproj", "{4FB4E6D0-F10E-404F-BC3B-CE274349BE37}"
EndProject
Project("{8BC9CEB8-8B4A-11D0-8D11-00A0C91BC942}") = "Employee", "Employee\Employee.vcxproj", "{AC727EF1-720B-4927-AE5D-92ACA27959EA}"
EndProject
Project("{8BC9CEB8-8B4A-11D0-8D11-00A0C91BC942}") = "Target-Heart-Rate", "Target-Heart-Rate\Target-Heart-Rate.vcxproj", "{7690ED74-1609-4DBF-9042-8920AE96D2A4}"
EndProject
Project("{8BC9CEB8-8B4A-11D0-8D11-00A0C91BC942}") = "Date", "Date\Date.vcxproj", "{AE5C4240-443F-4171-812B-A0004B685CD8}"
EndProject
Project("{8BC9CEB8-8B4A-11D0-8D11-00A0C91BC942}") = "Inovice", "Inovice\Inovice.vcxproj", "{9C3AB919-8882-4833-B5C0-2716BF88CFBD}"
EndProject
Project("{2150E333-8FDC-42A3-9474-1A3956D46DE8}") = "Solution Items", "Solution Items", "{8FAA0E91-33E5-4B09-958F-9DFC6A647758}"
	ProjectSection(SolutionItems) = preProject
		.gitattributes = .gitattributes
		.gitignore = .gitignore
		LICENSE = LICENSE
		README.md = README.md
	EndProjectSection
EndProject
Project("{8BC9CEB8-8B4A-11D0-8D11-00A0C91BC942}") = "Chapter5-exercises-5.11", "Chapter5-exercises-5.11\Chapter5-exercises-5.11.vcxproj", "{5C67B9C5-F738-4A32-9AE4-21C00635B52F}"
EndProject
Project("{8BC9CEB8-8B4A-11D0-8D11-00A0C91BC942}") = "Chapter5-execercises-5.12", "Chapter4-execercises-5.12\Chapter4-execercises-5.12.vcxproj", "{709917D7-559E-4AC6-9008-CD55FC6E9F8E}"
EndProject
Project("{8BC9CEB8-8B4A-11D0-8D11-00A0C91BC942}") = "Chapter5-exercises-5.13", "Chapter4-exercises-5.13\Chapter4-exercises-5.13.vcxproj", "{3FA86A60-3C4A-4DE0-BA1C-A1EA2913E9DA}"
EndProject
Project("{8BC9CEB8-8B4A-11D0-8D11-00A0C91BC942}") = "Chapter5-execises-5.14", "Chapter4-execises-5.14\Chapter4-execises-5.14.vcxproj", "{0A4359CD-2226-4635-AF15-103B4726AA09}"
EndProject
Project("{8BC9CEB8-8B4A-11D0-8D11-00A0C91BC942}") = "Chapter5-execises-5.15", "Chapter4-execises-5.15\Chapter4-execises-5.15.vcxproj", "{A34FA0EB-69E2-4BE9-88AA-63D3D61CC882}"
EndProject
Project("{8BC9CEB8-8B4A-11D0-8D11-00A0C91BC942}") = "Chapter5-exercises-5.18", "Chapter5-exercises-5.18\Chapter5-exercises-5.18.vcxproj", "{206C254B-C0F6-4EAB-BBDA-0F788D5EC037}"
EndProject
Project("{8BC9CEB8-8B4A-11D0-8D11-00A0C91BC942}") = "Chapter5-exercises-5.19", "Chapter5-exercises-5.19\Chapter5-exercises-5.19.vcxproj", "{080096D3-2D4A-4483-83C5-E17F2C368C85}"
EndProject
Project("{8BC9CEB8-8B4A-11D0-8D11-00A0C91BC942}") = "Chapter5-exercises-5.20", "Chapter5-exercises-5.20\Chapter5-exercises-5.20.vcxproj", "{22204C92-ADF7-4E56-9BA3-B7F4779BD12E}"
EndProject
Project("{8BC9CEB8-8B4A-11D0-8D11-00A0C91BC942}") = "Chapter5-exercises-5.21", "Chapter5-exercises-5.21\Chapter5-exercises-5.21.vcxproj", "{1BDE3717-3F4E-47D0-ADEF-9087CDF13E0A}"
EndProject
Project("{8BC9CEB8-8B4A-11D0-8D11-00A0C91BC942}") = "Chapter5-exercises-5.22", "Chapter5-exercises-5.22\Chapter5-exercises-5.22.vcxproj", "{FB88FDDA-F257-41BE-A163-89A2CD91C13B}"
EndProject
Project("{8BC9CEB8-8B4A-11D0-8D11-00A0C91BC942}") = "Chapter5-exercises-5.23", "Chapter5-exercises-5.23\Chapter5-exercises-5.23.vcxproj", "{8CF42A73-012A-4978-8D47-978D5AA7608C}"
EndProject
Project("{8BC9CEB8-8B4A-11D0-8D11-00A0C91BC942}") = "Chapter5-execises-5.16", "Chapter5-execises-5.16\Chapter5-execises-5.16.vcxproj", "{59424BFE-2E8B-4086-A026-15A15724D8B4}"
EndProject
Project("{8BC9CEB8-8B4A-11D0-8D11-00A0C91BC942}") = "Chapter5-exercises-5.24", "Chapter5-5.24\Chapter5-5.24.vcxproj", "{FF42A046-A107-46E4-AB62-E28AD355E94E}"
EndProject
Project("{8BC9CEB8-8B4A-11D0-8D11-00A0C91BC942}") = "Chapter5-exercises-5.25", "Chapter5-exercises-5.25\Chapter5-exercises-5.25.vcxproj", "{B6C148BF-19E6-4B28-86EA-943F6D650BEE}"
EndProject
Project("{8BC9CEB8-8B4A-11D0-8D11-00A0C91BC942}") = "Chapter5-exercises-5.26", "Chapter5-exercises-5.26\Chapter5-exercises-5.26.vcxproj", "{921574A8-D5DF-4612-B36D-74C796FC8B39}"
EndProject
Project("{8BC9CEB8-8B4A-11D0-8D11-00A0C91BC942}") = "Chapter5-exercises-5.27", "Chapter5-exercises-5.27\Chapter5-exercises-5.27.vcxproj", "{16BA641E-3244-4A9D-9BB7-021F6CA32A0B}"
EndProject
Project("{8BC9CEB8-8B4A-11D0-8D11-00A0C91BC942}") = "Chapter5-exercises-5.28", "Chapter5-exercises-5.28\Chapter5-exercises-5.28.vcxproj", "{BC176F69-1410-40AB-B017-DD665034C5B2}"
EndProject
Project("{8BC9CEB8-8B4A-11D0-8D11-00A0C91BC942}") = "Chapter5-exercises-5.29", "Chapter5-exercises-5.29\Chapter5-exercises-5.29.vcxproj", "{42649300-6E67-4EA1-8256-3EE7A6EE8A94}"
EndProject
Project("{8BC9CEB8-8B4A-11D0-8D11-00A0C91BC942}") = "Chapter5-exercises-5.32", "Chapter5-exercises-5.32\Chapter5-exercises-5.32.vcxproj", "{34F58005-10A9-4B83-92B3-E2B5A8C5F0D5}"
EndProject
Project("{8BC9CEB8-8B4A-11D0-8D11-00A0C91BC942}") = "Chapter5-exercises-5.30", "Chapter5-exercises-5.30\Chapter5-exercises-5.30.vcxproj", "{52C722ED-B519-4784-9404-A1E10FBE144E}"
EndProject
Project("{8BC9CEB8-8B4A-11D0-8D11-00A0C91BC942}") = "Chapter5-exercises-5.31", "Chapter5-exercises-5.31\Chapter5-exercises-5.31.vcxproj", "{712DC539-C89B-46BE-8B52-85A7A0445B1B}"
EndProject
Project("{8BC9CEB8-8B4A-11D0-8D11-00A0C91BC942}") = "Chapter6-self-review-6.3", "Chapter6-self-review-6.3\Chapter6-self-review-6.3.vcxproj", "{61C7AE8F-1E05-4A4C-8218-035776390711}"
EndProject
Project("{8BC9CEB8-8B4A-11D0-8D11-00A0C91BC942}") = "Chapter6-self-review-6.10", "Chapter-self-review-6.10\Chapter-self-review-6.10.vcxproj", "{C7EE79AD-5BDD-4BD8-943C-E4195BE10269}"
EndProject
Project("{8BC9CEB8-8B4A-11D0-8D11-00A0C91BC942}") = "Chapter6-exercises-6.12", "Chapter-exercises-6.12\Chapter-exercises-6.12.vcxproj", "{D5589C3E-1B1B-490E-89AB-DE4C11C4379E}"
EndProject
Project("{8BC9CEB8-8B4A-11D0-8D11-00A0C91BC942}") = "6.13", "6.13\6.13.vcxproj", "{C5EB53A8-CBAD-43EA-83E5-C2EC4077E166}"
EndProject
Project("{8BC9CEB8-8B4A-11D0-8D11-00A0C91BC942}") = "6.14", "6.14\6.14.vcxproj", "{C5996B9F-433B-495B-8A93-C3DC0EAC6A3F}"
EndProject
Project("{8BC9CEB8-8B4A-11D0-8D11-00A0C91BC942}") = "6.18", "6.18\6.18.vcxproj", "{A5C94D36-2585-4524-A64F-66301D599ADD}"
EndProject
Project("{8BC9CEB8-8B4A-11D0-8D11-00A0C91BC942}") = "6.19", "6.19\6.19.vcxproj", "{889582CF-F21B-4CE7-8B9A-652C1D4B0004}"
EndProject
Project("{8BC9CEB8-8B4A-11D0-8D11-00A0C91BC942}") = "6.20", "6.20\6.20.vcxproj", "{BF50DDD2-FD5E-4965-8964-09FCC27B0029}"
EndProject
Project("{8BC9CEB8-8B4A-11D0-8D11-00A0C91BC942}") = "6.21", "6.21\6.21.vcxproj", "{A3967CDB-8F33-4600-A644-6CB0F4819055}"
EndProject
Project("{8BC9CEB8-8B4A-11D0-8D11-00A0C91BC942}") = "6.22", "6.22\6.22.vcxproj", "{BEC32984-036C-455C-BEA7-A29BA33F66AF}"
EndProject
Project("{8BC9CEB8-8B4A-11D0-8D11-00A0C91BC942}") = "6.23", "6.23\6.23.vcxproj", "{C6008C99-592D-48E0-8AE4-D3E23F104E0B}"
EndProject
Project("{8BC9CEB8-8B4A-11D0-8D11-00A0C91BC942}") = "6.24", "6.24\6.24.vcxproj", "{7DF927F8-1E53-464B-B064-971CF43819E9}"
EndProject
Project("{8BC9CEB8-8B4A-11D0-8D11-00A0C91BC942}") = "6.25", "6.25\6.25.vcxproj", "{ED8B21FC-3425-475B-8853-4DFE763C2CBB}"
EndProject
Project("{8BC9CEB8-8B4A-11D0-8D11-00A0C91BC942}") = "6.26", "6.26\6.26.vcxproj", "{C2310577-428E-48F2-A4F2-5CD465D4032A}"
EndProject
Project("{8BC9CEB8-8B4A-11D0-8D11-00A0C91BC942}") = "6.27", "6.27\6.27.vcxproj", "{06E0CD4E-09A3-40ED-ABD5-4E18C10EE87D}"
EndProject
Project("{8BC9CEB8-8B4A-11D0-8D11-00A0C91BC942}") = "6.28", "6.28\6.28.vcxproj", "{2A76820D-7FFB-4617-8508-BEA271C256CE}"
EndProject
Project("{8BC9CEB8-8B4A-11D0-8D11-00A0C91BC942}") = "6.29", "6.29\6.29.vcxproj", "{F3CFD6AF-9C60-44F0-BADC-AC05979C6A3B}"
EndProject
Project("{8BC9CEB8-8B4A-11D0-8D11-00A0C91BC942}") = "6.30", "6.30\6.30.vcxproj", "{39477F42-1462-40ED-BB9F-2E1485884CE3}"
EndProject
Project("{8BC9CEB8-8B4A-11D0-8D11-00A0C91BC942}") = "6.31", "6.31\6.31.vcxproj", "{CD68828B-D058-4FF4-953A-ACF10BC9FEEC}"
EndProject
Project("{8BC9CEB8-8B4A-11D0-8D11-00A0C91BC942}") = "6.32", "6.32\6.32.vcxproj", "{0F0969A0-6F4D-4DD1-B3C6-158B3F3E31C6}"
EndProject
Project("{8BC9CEB8-8B4A-11D0-8D11-00A0C91BC942}") = "6.33", "6.33\6.33.vcxproj", "{8CB1A0EA-290B-45DD-9D00-6FF0A65BC3CD}"
EndProject
Project("{8BC9CEB8-8B4A-11D0-8D11-00A0C91BC942}") = "6,34", "6,34\6,34.vcxproj", "{F96DA9AD-8FE1-488E-BC2F-E9AD30C54278}"
EndProject
Project("{8BC9CEB8-8B4A-11D0-8D11-00A0C91BC942}") = "6.35", "6.35\6.35.vcxproj", "{BB4F2A36-EFF4-4F6E-BB55-2A589FC620C3}"
EndProject
Project("{8BC9CEB8-8B4A-11D0-8D11-00A0C91BC942}") = "6.36", "6.36\6.36.vcxproj", "{8DD4AF56-C48A-4B16-8374-FD31C1D71A18}"
EndProject
Project("{8BC9CEB8-8B4A-11D0-8D11-00A0C91BC942}") = "6.38", "6.38\6.38.vcxproj", "{8F01698F-2045-49FC-82A8-6F199B52796D}"
EndProject
Project("{8BC9CEB8-8B4A-11D0-8D11-00A0C91BC942}") = "6.37", "6.37\6.37.vcxproj", "{3E3A0C3D-FD31-46F2-8BC0-7701D554DAD3}"
EndProject
Project("{8BC9CEB8-8B4A-11D0-8D11-00A0C91BC942}") = "6.41", "6.41\6.41.vcxproj", "{A2436D3D-48AF-452C-8F45-6CDAFE27C133}"
EndProject
Project("{8BC9CEB8-8B4A-11D0-8D11-00A0C91BC942}") = "6.40", "6.40\6.40.vcxproj", "{E4317525-9031-4D21-93BC-7F8A3DA8382F}"
EndProject
Project("{8BC9CEB8-8B4A-11D0-8D11-00A0C91BC942}") = "6.42", "6.42\6.42.vcxproj", "{2076A8FB-3EB0-4BE4-9BCD-03378156EC73}"
EndProject
Project("{8BC9CEB8-8B4A-11D0-8D11-00A0C91BC942}") = "6.45", "6.45\6.45.vcxproj", "{120D9D4B-9D8B-4B72-B8A2-53327389684C}"
EndProject
Project("{8BC9CEB8-8B4A-11D0-8D11-00A0C91BC942}") = "6.49", "6.49\6.49.vcxproj", "{B7A0C1FA-FCA8-4D91-AD4A-29F63CDF7147}"
EndProject
Project("{8BC9CEB8-8B4A-11D0-8D11-00A0C91BC942}") = "6.50", "6.50\6.50.vcxproj", "{3F1ECF29-A4D9-4623-AA09-69646E35CCD8}"
EndProject
Project("{8BC9CEB8-8B4A-11D0-8D11-00A0C91BC942}") = "6.52", "6.52\6.52.vcxproj", "{9B347055-C84B-4A67-BEDB-877D2B3BF89F}"
EndProject
Project("{8BC9CEB8-8B4A-11D0-8D11-00A0C91BC942}") = "6.53", "6.53\6.53.vcxproj", "{7DD08A9D-80F3-4175-9302-5F232036FB44}"
EndProject
Project("{8BC9CEB8-8B4A-11D0-8D11-00A0C91BC942}") = "6.56", "6.56\6.56.vcxproj", "{58176136-90BD-42AB-B56B-5EEB1113B1CE}"
EndProject
Project("{8BC9CEB8-8B4A-11D0-8D11-00A0C91BC942}") = "6.48", "6.48\6.48.vcxproj", "{9472B4ED-3E4C-4334-9A55-AD7FC70082A1}"
EndProject
Project("{8BC9CEB8-8B4A-11D0-8D11-00A0C91BC942}") = "6.55", "6.55\6.55.vcxproj", "{2E5E5118-7F77-47D6-9966-29E6E81521A5}"
EndProject
Global
	GlobalSection(SolutionConfigurationPlatforms) = preSolution
		Debug|x64 = Debug|x64
		Debug|x86 = Debug|x86
		Release|x64 = Release|x64
		Release|x86 = Release|x86
	EndGlobalSection
	GlobalSection(ProjectConfigurationPlatforms) = postSolution
		{F36043DB-A24F-4E34-9F28-B9282D246A5C}.Debug|x64.ActiveCfg = Debug|x64
		{F36043DB-A24F-4E34-9F28-B9282D246A5C}.Debug|x64.Build.0 = Debug|x64
		{F36043DB-A24F-4E34-9F28-B9282D246A5C}.Debug|x86.ActiveCfg = Debug|Win32
		{F36043DB-A24F-4E34-9F28-B9282D246A5C}.Debug|x86.Build.0 = Debug|Win32
		{F36043DB-A24F-4E34-9F28-B9282D246A5C}.Release|x64.ActiveCfg = Release|x64
		{F36043DB-A24F-4E34-9F28-B9282D246A5C}.Release|x64.Build.0 = Release|x64
		{F36043DB-A24F-4E34-9F28-B9282D246A5C}.Release|x86.ActiveCfg = Release|Win32
		{F36043DB-A24F-4E34-9F28-B9282D246A5C}.Release|x86.Build.0 = Release|Win32
		{46216E98-4BB1-4600-B8AD-D9A48F09B872}.Debug|x64.ActiveCfg = Debug|x64
		{46216E98-4BB1-4600-B8AD-D9A48F09B872}.Debug|x64.Build.0 = Debug|x64
		{46216E98-4BB1-4600-B8AD-D9A48F09B872}.Debug|x86.ActiveCfg = Debug|Win32
		{46216E98-4BB1-4600-B8AD-D9A48F09B872}.Debug|x86.Build.0 = Debug|Win32
		{46216E98-4BB1-4600-B8AD-D9A48F09B872}.Release|x64.ActiveCfg = Release|x64
		{46216E98-4BB1-4600-B8AD-D9A48F09B872}.Release|x64.Build.0 = Release|x64
		{46216E98-4BB1-4600-B8AD-D9A48F09B872}.Release|x86.ActiveCfg = Release|Win32
		{46216E98-4BB1-4600-B8AD-D9A48F09B872}.Release|x86.Build.0 = Release|Win32
		{3882C1AF-C49D-4E1B-8931-749FFC400B2B}.Debug|x64.ActiveCfg = Debug|x64
		{3882C1AF-C49D-4E1B-8931-749FFC400B2B}.Debug|x64.Build.0 = Debug|x64
		{3882C1AF-C49D-4E1B-8931-749FFC400B2B}.Debug|x86.ActiveCfg = Debug|Win32
		{3882C1AF-C49D-4E1B-8931-749FFC400B2B}.Debug|x86.Build.0 = Debug|Win32
		{3882C1AF-C49D-4E1B-8931-749FFC400B2B}.Release|x64.ActiveCfg = Release|x64
		{3882C1AF-C49D-4E1B-8931-749FFC400B2B}.Release|x64.Build.0 = Release|x64
		{3882C1AF-C49D-4E1B-8931-749FFC400B2B}.Release|x86.ActiveCfg = Release|Win32
		{3882C1AF-C49D-4E1B-8931-749FFC400B2B}.Release|x86.Build.0 = Release|Win32
		{9D1B6A78-E45B-4232-A062-AFC6E7D59B02}.Debug|x64.ActiveCfg = Debug|x64
		{9D1B6A78-E45B-4232-A062-AFC6E7D59B02}.Debug|x64.Build.0 = Debug|x64
		{9D1B6A78-E45B-4232-A062-AFC6E7D59B02}.Debug|x86.ActiveCfg = Debug|Win32
		{9D1B6A78-E45B-4232-A062-AFC6E7D59B02}.Debug|x86.Build.0 = Debug|Win32
		{9D1B6A78-E45B-4232-A062-AFC6E7D59B02}.Release|x64.ActiveCfg = Release|x64
		{9D1B6A78-E45B-4232-A062-AFC6E7D59B02}.Release|x64.Build.0 = Release|x64
		{9D1B6A78-E45B-4232-A062-AFC6E7D59B02}.Release|x86.ActiveCfg = Release|Win32
		{9D1B6A78-E45B-4232-A062-AFC6E7D59B02}.Release|x86.Build.0 = Release|Win32
		{31779E5D-F31A-465F-80AC-A61D4D33F6FA}.Debug|x64.ActiveCfg = Debug|x64
		{31779E5D-F31A-465F-80AC-A61D4D33F6FA}.Debug|x64.Build.0 = Debug|x64
		{31779E5D-F31A-465F-80AC-A61D4D33F6FA}.Debug|x86.ActiveCfg = Debug|Win32
		{31779E5D-F31A-465F-80AC-A61D4D33F6FA}.Debug|x86.Build.0 = Debug|Win32
		{31779E5D-F31A-465F-80AC-A61D4D33F6FA}.Release|x64.ActiveCfg = Release|x64
		{31779E5D-F31A-465F-80AC-A61D4D33F6FA}.Release|x64.Build.0 = Release|x64
		{31779E5D-F31A-465F-80AC-A61D4D33F6FA}.Release|x86.ActiveCfg = Release|Win32
		{31779E5D-F31A-465F-80AC-A61D4D33F6FA}.Release|x86.Build.0 = Release|Win32
		{F7DCEA99-F15B-4AE1-A481-4A5C23C544B3}.Debug|x64.ActiveCfg = Debug|x64
		{F7DCEA99-F15B-4AE1-A481-4A5C23C544B3}.Debug|x64.Build.0 = Debug|x64
		{F7DCEA99-F15B-4AE1-A481-4A5C23C544B3}.Debug|x86.ActiveCfg = Debug|Win32
		{F7DCEA99-F15B-4AE1-A481-4A5C23C544B3}.Debug|x86.Build.0 = Debug|Win32
		{F7DCEA99-F15B-4AE1-A481-4A5C23C544B3}.Release|x64.ActiveCfg = Release|x64
		{F7DCEA99-F15B-4AE1-A481-4A5C23C544B3}.Release|x64.Build.0 = Release|x64
		{F7DCEA99-F15B-4AE1-A481-4A5C23C544B3}.Release|x86.ActiveCfg = Release|Win32
		{F7DCEA99-F15B-4AE1-A481-4A5C23C544B3}.Release|x86.Build.0 = Release|Win32
		{1CC76972-DA76-47F8-B62F-EFE59DD3CF23}.Debug|x64.ActiveCfg = Debug|x64
		{1CC76972-DA76-47F8-B62F-EFE59DD3CF23}.Debug|x64.Build.0 = Debug|x64
		{1CC76972-DA76-47F8-B62F-EFE59DD3CF23}.Debug|x86.ActiveCfg = Debug|Win32
		{1CC76972-DA76-47F8-B62F-EFE59DD3CF23}.Debug|x86.Build.0 = Debug|Win32
		{1CC76972-DA76-47F8-B62F-EFE59DD3CF23}.Release|x64.ActiveCfg = Release|x64
		{1CC76972-DA76-47F8-B62F-EFE59DD3CF23}.Release|x64.Build.0 = Release|x64
		{1CC76972-DA76-47F8-B62F-EFE59DD3CF23}.Release|x86.ActiveCfg = Release|Win32
		{1CC76972-DA76-47F8-B62F-EFE59DD3CF23}.Release|x86.Build.0 = Release|Win32
		{845AD123-1264-4BBF-9E83-A87DA79C72FB}.Debug|x64.ActiveCfg = Debug|x64
		{845AD123-1264-4BBF-9E83-A87DA79C72FB}.Debug|x64.Build.0 = Debug|x64
		{845AD123-1264-4BBF-9E83-A87DA79C72FB}.Debug|x86.ActiveCfg = Debug|Win32
		{845AD123-1264-4BBF-9E83-A87DA79C72FB}.Debug|x86.Build.0 = Debug|Win32
		{845AD123-1264-4BBF-9E83-A87DA79C72FB}.Release|x64.ActiveCfg = Release|x64
		{845AD123-1264-4BBF-9E83-A87DA79C72FB}.Release|x64.Build.0 = Release|x64
		{845AD123-1264-4BBF-9E83-A87DA79C72FB}.Release|x86.ActiveCfg = Release|Win32
		{845AD123-1264-4BBF-9E83-A87DA79C72FB}.Release|x86.Build.0 = Release|Win32
		{C8FDAF2E-2F27-4B08-87CA-D441A97B496D}.Debug|x64.ActiveCfg = Debug|x64
		{C8FDAF2E-2F27-4B08-87CA-D441A97B496D}.Debug|x64.Build.0 = Debug|x64
		{C8FDAF2E-2F27-4B08-87CA-D441A97B496D}.Debug|x86.ActiveCfg = Debug|Win32
		{C8FDAF2E-2F27-4B08-87CA-D441A97B496D}.Debug|x86.Build.0 = Debug|Win32
		{C8FDAF2E-2F27-4B08-87CA-D441A97B496D}.Release|x64.ActiveCfg = Release|x64
		{C8FDAF2E-2F27-4B08-87CA-D441A97B496D}.Release|x64.Build.0 = Release|x64
		{C8FDAF2E-2F27-4B08-87CA-D441A97B496D}.Release|x86.ActiveCfg = Release|Win32
		{C8FDAF2E-2F27-4B08-87CA-D441A97B496D}.Release|x86.Build.0 = Release|Win32
		{AD4AB12E-E44D-4479-B783-BE21170EC5F9}.Debug|x64.ActiveCfg = Debug|x64
		{AD4AB12E-E44D-4479-B783-BE21170EC5F9}.Debug|x64.Build.0 = Debug|x64
		{AD4AB12E-E44D-4479-B783-BE21170EC5F9}.Debug|x86.ActiveCfg = Debug|Win32
		{AD4AB12E-E44D-4479-B783-BE21170EC5F9}.Debug|x86.Build.0 = Debug|Win32
		{AD4AB12E-E44D-4479-B783-BE21170EC5F9}.Release|x64.ActiveCfg = Release|x64
		{AD4AB12E-E44D-4479-B783-BE21170EC5F9}.Release|x64.Build.0 = Release|x64
		{AD4AB12E-E44D-4479-B783-BE21170EC5F9}.Release|x86.ActiveCfg = Release|Win32
		{AD4AB12E-E44D-4479-B783-BE21170EC5F9}.Release|x86.Build.0 = Release|Win32
		{075AAAF7-AF5B-4DB2-B691-D76175C38CA2}.Debug|x64.ActiveCfg = Debug|x64
		{075AAAF7-AF5B-4DB2-B691-D76175C38CA2}.Debug|x64.Build.0 = Debug|x64
		{075AAAF7-AF5B-4DB2-B691-D76175C38CA2}.Debug|x86.ActiveCfg = Debug|Win32
		{075AAAF7-AF5B-4DB2-B691-D76175C38CA2}.Debug|x86.Build.0 = Debug|Win32
		{075AAAF7-AF5B-4DB2-B691-D76175C38CA2}.Release|x64.ActiveCfg = Release|x64
		{075AAAF7-AF5B-4DB2-B691-D76175C38CA2}.Release|x64.Build.0 = Release|x64
		{075AAAF7-AF5B-4DB2-B691-D76175C38CA2}.Release|x86.ActiveCfg = Release|Win32
		{075AAAF7-AF5B-4DB2-B691-D76175C38CA2}.Release|x86.Build.0 = Release|Win32
		{30E45EC4-0BA8-4AE8-A991-3D2EC13F8DFB}.Debug|x64.ActiveCfg = Debug|x64
		{30E45EC4-0BA8-4AE8-A991-3D2EC13F8DFB}.Debug|x64.Build.0 = Debug|x64
		{30E45EC4-0BA8-4AE8-A991-3D2EC13F8DFB}.Debug|x86.ActiveCfg = Debug|Win32
		{30E45EC4-0BA8-4AE8-A991-3D2EC13F8DFB}.Debug|x86.Build.0 = Debug|Win32
		{30E45EC4-0BA8-4AE8-A991-3D2EC13F8DFB}.Release|x64.ActiveCfg = Release|x64
		{30E45EC4-0BA8-4AE8-A991-3D2EC13F8DFB}.Release|x64.Build.0 = Release|x64
		{30E45EC4-0BA8-4AE8-A991-3D2EC13F8DFB}.Release|x86.ActiveCfg = Release|Win32
		{30E45EC4-0BA8-4AE8-A991-3D2EC13F8DFB}.Release|x86.Build.0 = Release|Win32
		{E328AE21-80A7-4EC5-983F-51C127037305}.Debug|x64.ActiveCfg = Debug|x64
		{E328AE21-80A7-4EC5-983F-51C127037305}.Debug|x64.Build.0 = Debug|x64
		{E328AE21-80A7-4EC5-983F-51C127037305}.Debug|x86.ActiveCfg = Debug|Win32
		{E328AE21-80A7-4EC5-983F-51C127037305}.Debug|x86.Build.0 = Debug|Win32
		{E328AE21-80A7-4EC5-983F-51C127037305}.Release|x64.ActiveCfg = Release|x64
		{E328AE21-80A7-4EC5-983F-51C127037305}.Release|x64.Build.0 = Release|x64
		{E328AE21-80A7-4EC5-983F-51C127037305}.Release|x86.ActiveCfg = Release|Win32
		{E328AE21-80A7-4EC5-983F-51C127037305}.Release|x86.Build.0 = Release|Win32
		{4B662CA5-70D8-4BE7-B545-5C4CD3AFBA28}.Debug|x64.ActiveCfg = Debug|x64
		{4B662CA5-70D8-4BE7-B545-5C4CD3AFBA28}.Debug|x64.Build.0 = Debug|x64
		{4B662CA5-70D8-4BE7-B545-5C4CD3AFBA28}.Debug|x86.ActiveCfg = Debug|Win32
		{4B662CA5-70D8-4BE7-B545-5C4CD3AFBA28}.Debug|x86.Build.0 = Debug|Win32
		{4B662CA5-70D8-4BE7-B545-5C4CD3AFBA28}.Release|x64.ActiveCfg = Release|x64
		{4B662CA5-70D8-4BE7-B545-5C4CD3AFBA28}.Release|x64.Build.0 = Release|x64
		{4B662CA5-70D8-4BE7-B545-5C4CD3AFBA28}.Release|x86.ActiveCfg = Release|Win32
		{4B662CA5-70D8-4BE7-B545-5C4CD3AFBA28}.Release|x86.Build.0 = Release|Win32
		{F93DACDB-C6A0-4BFB-A560-893523E90F4B}.Debug|x64.ActiveCfg = Debug|x64
		{F93DACDB-C6A0-4BFB-A560-893523E90F4B}.Debug|x64.Build.0 = Debug|x64
		{F93DACDB-C6A0-4BFB-A560-893523E90F4B}.Debug|x86.ActiveCfg = Debug|Win32
		{F93DACDB-C6A0-4BFB-A560-893523E90F4B}.Debug|x86.Build.0 = Debug|Win32
		{F93DACDB-C6A0-4BFB-A560-893523E90F4B}.Release|x64.ActiveCfg = Release|x64
		{F93DACDB-C6A0-4BFB-A560-893523E90F4B}.Release|x64.Build.0 = Release|x64
		{F93DACDB-C6A0-4BFB-A560-893523E90F4B}.Release|x86.ActiveCfg = Release|Win32
		{F93DACDB-C6A0-4BFB-A560-893523E90F4B}.Release|x86.Build.0 = Release|Win32
		{86DB6AB9-DAB4-4409-AA47-353CF1F9BDF2}.Debug|x64.ActiveCfg = Debug|x64
		{86DB6AB9-DAB4-4409-AA47-353CF1F9BDF2}.Debug|x64.Build.0 = Debug|x64
		{86DB6AB9-DAB4-4409-AA47-353CF1F9BDF2}.Debug|x86.ActiveCfg = Debug|Win32
		{86DB6AB9-DAB4-4409-AA47-353CF1F9BDF2}.Debug|x86.Build.0 = Debug|Win32
		{86DB6AB9-DAB4-4409-AA47-353CF1F9BDF2}.Release|x64.ActiveCfg = Release|x64
		{86DB6AB9-DAB4-4409-AA47-353CF1F9BDF2}.Release|x64.Build.0 = Release|x64
		{86DB6AB9-DAB4-4409-AA47-353CF1F9BDF2}.Release|x86.ActiveCfg = Release|Win32
		{86DB6AB9-DAB4-4409-AA47-353CF1F9BDF2}.Release|x86.Build.0 = Release|Win32
		{6CD564BA-55C0-48AC-A806-7B345A3303CB}.Debug|x64.ActiveCfg = Debug|x64
		{6CD564BA-55C0-48AC-A806-7B345A3303CB}.Debug|x64.Build.0 = Debug|x64
		{6CD564BA-55C0-48AC-A806-7B345A3303CB}.Debug|x86.ActiveCfg = Debug|Win32
		{6CD564BA-55C0-48AC-A806-7B345A3303CB}.Debug|x86.Build.0 = Debug|Win32
		{6CD564BA-55C0-48AC-A806-7B345A3303CB}.Release|x64.ActiveCfg = Release|x64
		{6CD564BA-55C0-48AC-A806-7B345A3303CB}.Release|x64.Build.0 = Release|x64
		{6CD564BA-55C0-48AC-A806-7B345A3303CB}.Release|x86.ActiveCfg = Release|Win32
		{6CD564BA-55C0-48AC-A806-7B345A3303CB}.Release|x86.Build.0 = Release|Win32
		{0CC7646B-587B-46E5-B940-9AA93B40C3DA}.Debug|x64.ActiveCfg = Debug|x64
		{0CC7646B-587B-46E5-B940-9AA93B40C3DA}.Debug|x64.Build.0 = Debug|x64
		{0CC7646B-587B-46E5-B940-9AA93B40C3DA}.Debug|x86.ActiveCfg = Debug|Win32
		{0CC7646B-587B-46E5-B940-9AA93B40C3DA}.Debug|x86.Build.0 = Debug|Win32
		{0CC7646B-587B-46E5-B940-9AA93B40C3DA}.Release|x64.ActiveCfg = Release|x64
		{0CC7646B-587B-46E5-B940-9AA93B40C3DA}.Release|x64.Build.0 = Release|x64
		{0CC7646B-587B-46E5-B940-9AA93B40C3DA}.Release|x86.ActiveCfg = Release|Win32
		{0CC7646B-587B-46E5-B940-9AA93B40C3DA}.Release|x86.Build.0 = Release|Win32
		{A289D622-FEFF-4DBE-92ED-63F630A2A64A}.Debug|x64.ActiveCfg = Debug|x64
		{A289D622-FEFF-4DBE-92ED-63F630A2A64A}.Debug|x64.Build.0 = Debug|x64
		{A289D622-FEFF-4DBE-92ED-63F630A2A64A}.Debug|x86.ActiveCfg = Debug|Win32
		{A289D622-FEFF-4DBE-92ED-63F630A2A64A}.Debug|x86.Build.0 = Debug|Win32
		{A289D622-FEFF-4DBE-92ED-63F630A2A64A}.Release|x64.ActiveCfg = Release|x64
		{A289D622-FEFF-4DBE-92ED-63F630A2A64A}.Release|x64.Build.0 = Release|x64
		{A289D622-FEFF-4DBE-92ED-63F630A2A64A}.Release|x86.ActiveCfg = Release|Win32
		{A289D622-FEFF-4DBE-92ED-63F630A2A64A}.Release|x86.Build.0 = Release|Win32
		{19638A2B-437B-43DA-88BE-1D10BFA2E0F8}.Debug|x64.ActiveCfg = Debug|x64
		{19638A2B-437B-43DA-88BE-1D10BFA2E0F8}.Debug|x64.Build.0 = Debug|x64
		{19638A2B-437B-43DA-88BE-1D10BFA2E0F8}.Debug|x86.ActiveCfg = Debug|Win32
		{19638A2B-437B-43DA-88BE-1D10BFA2E0F8}.Debug|x86.Build.0 = Debug|Win32
		{19638A2B-437B-43DA-88BE-1D10BFA2E0F8}.Release|x64.ActiveCfg = Release|x64
		{19638A2B-437B-43DA-88BE-1D10BFA2E0F8}.Release|x64.Build.0 = Release|x64
		{19638A2B-437B-43DA-88BE-1D10BFA2E0F8}.Release|x86.ActiveCfg = Release|Win32
		{19638A2B-437B-43DA-88BE-1D10BFA2E0F8}.Release|x86.Build.0 = Release|Win32
		{79851A2C-4619-4D78-8FE0-D284234C8D0C}.Debug|x64.ActiveCfg = Debug|x64
		{79851A2C-4619-4D78-8FE0-D284234C8D0C}.Debug|x64.Build.0 = Debug|x64
		{79851A2C-4619-4D78-8FE0-D284234C8D0C}.Debug|x86.ActiveCfg = Debug|Win32
		{79851A2C-4619-4D78-8FE0-D284234C8D0C}.Debug|x86.Build.0 = Debug|Win32
		{79851A2C-4619-4D78-8FE0-D284234C8D0C}.Release|x64.ActiveCfg = Release|x64
		{79851A2C-4619-4D78-8FE0-D284234C8D0C}.Release|x64.Build.0 = Release|x64
		{79851A2C-4619-4D78-8FE0-D284234C8D0C}.Release|x86.ActiveCfg = Release|Win32
		{79851A2C-4619-4D78-8FE0-D284234C8D0C}.Release|x86.Build.0 = Release|Win32
		{2DB7FA8A-A167-4FC8-93C4-04C503E6CCD1}.Debug|x64.ActiveCfg = Debug|x64
		{2DB7FA8A-A167-4FC8-93C4-04C503E6CCD1}.Debug|x64.Build.0 = Debug|x64
		{2DB7FA8A-A167-4FC8-93C4-04C503E6CCD1}.Debug|x86.ActiveCfg = Debug|Win32
		{2DB7FA8A-A167-4FC8-93C4-04C503E6CCD1}.Debug|x86.Build.0 = Debug|Win32
		{2DB7FA8A-A167-4FC8-93C4-04C503E6CCD1}.Release|x64.ActiveCfg = Release|x64
		{2DB7FA8A-A167-4FC8-93C4-04C503E6CCD1}.Release|x64.Build.0 = Release|x64
		{2DB7FA8A-A167-4FC8-93C4-04C503E6CCD1}.Release|x86.ActiveCfg = Release|Win32
		{2DB7FA8A-A167-4FC8-93C4-04C503E6CCD1}.Release|x86.Build.0 = Release|Win32
		{615FCEEF-27BB-4657-AB01-256808ED3EDE}.Debug|x64.ActiveCfg = Debug|x64
		{615FCEEF-27BB-4657-AB01-256808ED3EDE}.Debug|x64.Build.0 = Debug|x64
		{615FCEEF-27BB-4657-AB01-256808ED3EDE}.Debug|x86.ActiveCfg = Debug|Win32
		{615FCEEF-27BB-4657-AB01-256808ED3EDE}.Debug|x86.Build.0 = Debug|Win32
		{615FCEEF-27BB-4657-AB01-256808ED3EDE}.Release|x64.ActiveCfg = Release|x64
		{615FCEEF-27BB-4657-AB01-256808ED3EDE}.Release|x64.Build.0 = Release|x64
		{615FCEEF-27BB-4657-AB01-256808ED3EDE}.Release|x86.ActiveCfg = Release|Win32
		{615FCEEF-27BB-4657-AB01-256808ED3EDE}.Release|x86.Build.0 = Release|Win32
		{4288D606-D464-48EF-92BC-9C974340EE9D}.Debug|x64.ActiveCfg = Debug|x64
		{4288D606-D464-48EF-92BC-9C974340EE9D}.Debug|x64.Build.0 = Debug|x64
		{4288D606-D464-48EF-92BC-9C974340EE9D}.Debug|x86.ActiveCfg = Debug|Win32
		{4288D606-D464-48EF-92BC-9C974340EE9D}.Debug|x86.Build.0 = Debug|Win32
		{4288D606-D464-48EF-92BC-9C974340EE9D}.Release|x64.ActiveCfg = Release|x64
		{4288D606-D464-48EF-92BC-9C974340EE9D}.Release|x64.Build.0 = Release|x64
		{4288D606-D464-48EF-92BC-9C974340EE9D}.Release|x86.ActiveCfg = Release|Win32
		{4288D606-D464-48EF-92BC-9C974340EE9D}.Release|x86.Build.0 = Release|Win32
		{19D3AB39-76D7-40A1-A618-793F96F3AD2E}.Debug|x64.ActiveCfg = Debug|x64
		{19D3AB39-76D7-40A1-A618-793F96F3AD2E}.Debug|x64.Build.0 = Debug|x64
		{19D3AB39-76D7-40A1-A618-793F96F3AD2E}.Debug|x86.ActiveCfg = Debug|Win32
		{19D3AB39-76D7-40A1-A618-793F96F3AD2E}.Debug|x86.Build.0 = Debug|Win32
		{19D3AB39-76D7-40A1-A618-793F96F3AD2E}.Release|x64.ActiveCfg = Release|x64
		{19D3AB39-76D7-40A1-A618-793F96F3AD2E}.Release|x64.Build.0 = Release|x64
		{19D3AB39-76D7-40A1-A618-793F96F3AD2E}.Release|x86.ActiveCfg = Release|Win32
		{19D3AB39-76D7-40A1-A618-793F96F3AD2E}.Release|x86.Build.0 = Release|Win32
		{EC64A0F0-1C83-448C-81C0-F0C3773B5653}.Debug|x64.ActiveCfg = Debug|x64
		{EC64A0F0-1C83-448C-81C0-F0C3773B5653}.Debug|x64.Build.0 = Debug|x64
		{EC64A0F0-1C83-448C-81C0-F0C3773B5653}.Debug|x86.ActiveCfg = Debug|Win32
		{EC64A0F0-1C83-448C-81C0-F0C3773B5653}.Debug|x86.Build.0 = Debug|Win32
		{EC64A0F0-1C83-448C-81C0-F0C3773B5653}.Release|x64.ActiveCfg = Release|x64
		{EC64A0F0-1C83-448C-81C0-F0C3773B5653}.Release|x64.Build.0 = Release|x64
		{EC64A0F0-1C83-448C-81C0-F0C3773B5653}.Release|x86.ActiveCfg = Release|Win32
		{EC64A0F0-1C83-448C-81C0-F0C3773B5653}.Release|x86.Build.0 = Release|Win32
		{7ECCA7A3-2F25-48E8-8821-40F3FC2FD648}.Debug|x64.ActiveCfg = Debug|x64
		{7ECCA7A3-2F25-48E8-8821-40F3FC2FD648}.Debug|x64.Build.0 = Debug|x64
		{7ECCA7A3-2F25-48E8-8821-40F3FC2FD648}.Debug|x86.ActiveCfg = Debug|Win32
		{7ECCA7A3-2F25-48E8-8821-40F3FC2FD648}.Debug|x86.Build.0 = Debug|Win32
		{7ECCA7A3-2F25-48E8-8821-40F3FC2FD648}.Release|x64.ActiveCfg = Release|x64
		{7ECCA7A3-2F25-48E8-8821-40F3FC2FD648}.Release|x64.Build.0 = Release|x64
		{7ECCA7A3-2F25-48E8-8821-40F3FC2FD648}.Release|x86.ActiveCfg = Release|Win32
		{7ECCA7A3-2F25-48E8-8821-40F3FC2FD648}.Release|x86.Build.0 = Release|Win32
		{4FB4E6D0-F10E-404F-BC3B-CE274349BE37}.Debug|x64.ActiveCfg = Debug|x64
		{4FB4E6D0-F10E-404F-BC3B-CE274349BE37}.Debug|x64.Build.0 = Debug|x64
		{4FB4E6D0-F10E-404F-BC3B-CE274349BE37}.Debug|x86.ActiveCfg = Debug|Win32
		{4FB4E6D0-F10E-404F-BC3B-CE274349BE37}.Debug|x86.Build.0 = Debug|Win32
		{4FB4E6D0-F10E-404F-BC3B-CE274349BE37}.Release|x64.ActiveCfg = Release|x64
		{4FB4E6D0-F10E-404F-BC3B-CE274349BE37}.Release|x64.Build.0 = Release|x64
		{4FB4E6D0-F10E-404F-BC3B-CE274349BE37}.Release|x86.ActiveCfg = Release|Win32
		{4FB4E6D0-F10E-404F-BC3B-CE274349BE37}.Release|x86.Build.0 = Release|Win32
		{AC727EF1-720B-4927-AE5D-92ACA27959EA}.Debug|x64.ActiveCfg = Debug|x64
		{AC727EF1-720B-4927-AE5D-92ACA27959EA}.Debug|x64.Build.0 = Debug|x64
		{AC727EF1-720B-4927-AE5D-92ACA27959EA}.Debug|x86.ActiveCfg = Debug|Win32
		{AC727EF1-720B-4927-AE5D-92ACA27959EA}.Debug|x86.Build.0 = Debug|Win32
		{AC727EF1-720B-4927-AE5D-92ACA27959EA}.Release|x64.ActiveCfg = Release|x64
		{AC727EF1-720B-4927-AE5D-92ACA27959EA}.Release|x64.Build.0 = Release|x64
		{AC727EF1-720B-4927-AE5D-92ACA27959EA}.Release|x86.ActiveCfg = Release|Win32
		{AC727EF1-720B-4927-AE5D-92ACA27959EA}.Release|x86.Build.0 = Release|Win32
		{7690ED74-1609-4DBF-9042-8920AE96D2A4}.Debug|x64.ActiveCfg = Debug|x64
		{7690ED74-1609-4DBF-9042-8920AE96D2A4}.Debug|x64.Build.0 = Debug|x64
		{7690ED74-1609-4DBF-9042-8920AE96D2A4}.Debug|x86.ActiveCfg = Debug|Win32
		{7690ED74-1609-4DBF-9042-8920AE96D2A4}.Debug|x86.Build.0 = Debug|Win32
		{7690ED74-1609-4DBF-9042-8920AE96D2A4}.Release|x64.ActiveCfg = Release|x64
		{7690ED74-1609-4DBF-9042-8920AE96D2A4}.Release|x64.Build.0 = Release|x64
		{7690ED74-1609-4DBF-9042-8920AE96D2A4}.Release|x86.ActiveCfg = Release|Win32
		{7690ED74-1609-4DBF-9042-8920AE96D2A4}.Release|x86.Build.0 = Release|Win32
		{AE5C4240-443F-4171-812B-A0004B685CD8}.Debug|x64.ActiveCfg = Debug|x64
		{AE5C4240-443F-4171-812B-A0004B685CD8}.Debug|x64.Build.0 = Debug|x64
		{AE5C4240-443F-4171-812B-A0004B685CD8}.Debug|x86.ActiveCfg = Debug|Win32
		{AE5C4240-443F-4171-812B-A0004B685CD8}.Debug|x86.Build.0 = Debug|Win32
		{AE5C4240-443F-4171-812B-A0004B685CD8}.Release|x64.ActiveCfg = Release|x64
		{AE5C4240-443F-4171-812B-A0004B685CD8}.Release|x64.Build.0 = Release|x64
		{AE5C4240-443F-4171-812B-A0004B685CD8}.Release|x86.ActiveCfg = Release|Win32
		{AE5C4240-443F-4171-812B-A0004B685CD8}.Release|x86.Build.0 = Release|Win32
		{9C3AB919-8882-4833-B5C0-2716BF88CFBD}.Debug|x64.ActiveCfg = Debug|x64
		{9C3AB919-8882-4833-B5C0-2716BF88CFBD}.Debug|x64.Build.0 = Debug|x64
		{9C3AB919-8882-4833-B5C0-2716BF88CFBD}.Debug|x86.ActiveCfg = Debug|Win32
		{9C3AB919-8882-4833-B5C0-2716BF88CFBD}.Debug|x86.Build.0 = Debug|Win32
		{9C3AB919-8882-4833-B5C0-2716BF88CFBD}.Release|x64.ActiveCfg = Release|x64
		{9C3AB919-8882-4833-B5C0-2716BF88CFBD}.Release|x64.Build.0 = Release|x64
		{9C3AB919-8882-4833-B5C0-2716BF88CFBD}.Release|x86.ActiveCfg = Release|Win32
		{9C3AB919-8882-4833-B5C0-2716BF88CFBD}.Release|x86.Build.0 = Release|Win32
		{5C67B9C5-F738-4A32-9AE4-21C00635B52F}.Debug|x64.ActiveCfg = Debug|x64
		{5C67B9C5-F738-4A32-9AE4-21C00635B52F}.Debug|x64.Build.0 = Debug|x64
		{5C67B9C5-F738-4A32-9AE4-21C00635B52F}.Debug|x86.ActiveCfg = Debug|Win32
		{5C67B9C5-F738-4A32-9AE4-21C00635B52F}.Debug|x86.Build.0 = Debug|Win32
		{5C67B9C5-F738-4A32-9AE4-21C00635B52F}.Release|x64.ActiveCfg = Release|x64
		{5C67B9C5-F738-4A32-9AE4-21C00635B52F}.Release|x64.Build.0 = Release|x64
		{5C67B9C5-F738-4A32-9AE4-21C00635B52F}.Release|x86.ActiveCfg = Release|Win32
		{5C67B9C5-F738-4A32-9AE4-21C00635B52F}.Release|x86.Build.0 = Release|Win32
		{709917D7-559E-4AC6-9008-CD55FC6E9F8E}.Debug|x64.ActiveCfg = Debug|x64
		{709917D7-559E-4AC6-9008-CD55FC6E9F8E}.Debug|x64.Build.0 = Debug|x64
		{709917D7-559E-4AC6-9008-CD55FC6E9F8E}.Debug|x86.ActiveCfg = Debug|Win32
		{709917D7-559E-4AC6-9008-CD55FC6E9F8E}.Debug|x86.Build.0 = Debug|Win32
		{709917D7-559E-4AC6-9008-CD55FC6E9F8E}.Release|x64.ActiveCfg = Release|x64
		{709917D7-559E-4AC6-9008-CD55FC6E9F8E}.Release|x64.Build.0 = Release|x64
		{709917D7-559E-4AC6-9008-CD55FC6E9F8E}.Release|x86.ActiveCfg = Release|Win32
		{709917D7-559E-4AC6-9008-CD55FC6E9F8E}.Release|x86.Build.0 = Release|Win32
		{3FA86A60-3C4A-4DE0-BA1C-A1EA2913E9DA}.Debug|x64.ActiveCfg = Debug|x64
		{3FA86A60-3C4A-4DE0-BA1C-A1EA2913E9DA}.Debug|x64.Build.0 = Debug|x64
		{3FA86A60-3C4A-4DE0-BA1C-A1EA2913E9DA}.Debug|x86.ActiveCfg = Debug|Win32
		{3FA86A60-3C4A-4DE0-BA1C-A1EA2913E9DA}.Debug|x86.Build.0 = Debug|Win32
		{3FA86A60-3C4A-4DE0-BA1C-A1EA2913E9DA}.Release|x64.ActiveCfg = Release|x64
		{3FA86A60-3C4A-4DE0-BA1C-A1EA2913E9DA}.Release|x64.Build.0 = Release|x64
		{3FA86A60-3C4A-4DE0-BA1C-A1EA2913E9DA}.Release|x86.ActiveCfg = Release|Win32
		{3FA86A60-3C4A-4DE0-BA1C-A1EA2913E9DA}.Release|x86.Build.0 = Release|Win32
		{0A4359CD-2226-4635-AF15-103B4726AA09}.Debug|x64.ActiveCfg = Debug|x64
		{0A4359CD-2226-4635-AF15-103B4726AA09}.Debug|x64.Build.0 = Debug|x64
		{0A4359CD-2226-4635-AF15-103B4726AA09}.Debug|x86.ActiveCfg = Debug|Win32
		{0A4359CD-2226-4635-AF15-103B4726AA09}.Debug|x86.Build.0 = Debug|Win32
		{0A4359CD-2226-4635-AF15-103B4726AA09}.Release|x64.ActiveCfg = Release|x64
		{0A4359CD-2226-4635-AF15-103B4726AA09}.Release|x64.Build.0 = Release|x64
		{0A4359CD-2226-4635-AF15-103B4726AA09}.Release|x86.ActiveCfg = Release|Win32
		{0A4359CD-2226-4635-AF15-103B4726AA09}.Release|x86.Build.0 = Release|Win32
		{A34FA0EB-69E2-4BE9-88AA-63D3D61CC882}.Debug|x64.ActiveCfg = Debug|x64
		{A34FA0EB-69E2-4BE9-88AA-63D3D61CC882}.Debug|x64.Build.0 = Debug|x64
		{A34FA0EB-69E2-4BE9-88AA-63D3D61CC882}.Debug|x86.ActiveCfg = Debug|Win32
		{A34FA0EB-69E2-4BE9-88AA-63D3D61CC882}.Debug|x86.Build.0 = Debug|Win32
		{A34FA0EB-69E2-4BE9-88AA-63D3D61CC882}.Release|x64.ActiveCfg = Release|x64
		{A34FA0EB-69E2-4BE9-88AA-63D3D61CC882}.Release|x64.Build.0 = Release|x64
		{A34FA0EB-69E2-4BE9-88AA-63D3D61CC882}.Release|x86.ActiveCfg = Release|Win32
		{A34FA0EB-69E2-4BE9-88AA-63D3D61CC882}.Release|x86.Build.0 = Release|Win32
		{206C254B-C0F6-4EAB-BBDA-0F788D5EC037}.Debug|x64.ActiveCfg = Debug|x64
		{206C254B-C0F6-4EAB-BBDA-0F788D5EC037}.Debug|x64.Build.0 = Debug|x64
		{206C254B-C0F6-4EAB-BBDA-0F788D5EC037}.Debug|x86.ActiveCfg = Debug|Win32
		{206C254B-C0F6-4EAB-BBDA-0F788D5EC037}.Debug|x86.Build.0 = Debug|Win32
		{206C254B-C0F6-4EAB-BBDA-0F788D5EC037}.Release|x64.ActiveCfg = Release|x64
		{206C254B-C0F6-4EAB-BBDA-0F788D5EC037}.Release|x64.Build.0 = Release|x64
		{206C254B-C0F6-4EAB-BBDA-0F788D5EC037}.Release|x86.ActiveCfg = Release|Win32
		{206C254B-C0F6-4EAB-BBDA-0F788D5EC037}.Release|x86.Build.0 = Release|Win32
		{080096D3-2D4A-4483-83C5-E17F2C368C85}.Debug|x64.ActiveCfg = Debug|x64
		{080096D3-2D4A-4483-83C5-E17F2C368C85}.Debug|x64.Build.0 = Debug|x64
		{080096D3-2D4A-4483-83C5-E17F2C368C85}.Debug|x86.ActiveCfg = Debug|Win32
		{080096D3-2D4A-4483-83C5-E17F2C368C85}.Debug|x86.Build.0 = Debug|Win32
		{080096D3-2D4A-4483-83C5-E17F2C368C85}.Release|x64.ActiveCfg = Release|x64
		{080096D3-2D4A-4483-83C5-E17F2C368C85}.Release|x64.Build.0 = Release|x64
		{080096D3-2D4A-4483-83C5-E17F2C368C85}.Release|x86.ActiveCfg = Release|Win32
		{080096D3-2D4A-4483-83C5-E17F2C368C85}.Release|x86.Build.0 = Release|Win32
		{22204C92-ADF7-4E56-9BA3-B7F4779BD12E}.Debug|x64.ActiveCfg = Debug|x64
		{22204C92-ADF7-4E56-9BA3-B7F4779BD12E}.Debug|x64.Build.0 = Debug|x64
		{22204C92-ADF7-4E56-9BA3-B7F4779BD12E}.Debug|x86.ActiveCfg = Debug|Win32
		{22204C92-ADF7-4E56-9BA3-B7F4779BD12E}.Debug|x86.Build.0 = Debug|Win32
		{22204C92-ADF7-4E56-9BA3-B7F4779BD12E}.Release|x64.ActiveCfg = Release|x64
		{22204C92-ADF7-4E56-9BA3-B7F4779BD12E}.Release|x64.Build.0 = Release|x64
		{22204C92-ADF7-4E56-9BA3-B7F4779BD12E}.Release|x86.ActiveCfg = Release|Win32
		{22204C92-ADF7-4E56-9BA3-B7F4779BD12E}.Release|x86.Build.0 = Release|Win32
		{1BDE3717-3F4E-47D0-ADEF-9087CDF13E0A}.Debug|x64.ActiveCfg = Debug|x64
		{1BDE3717-3F4E-47D0-ADEF-9087CDF13E0A}.Debug|x64.Build.0 = Debug|x64
		{1BDE3717-3F4E-47D0-ADEF-9087CDF13E0A}.Debug|x86.ActiveCfg = Debug|Win32
		{1BDE3717-3F4E-47D0-ADEF-9087CDF13E0A}.Debug|x86.Build.0 = Debug|Win32
		{1BDE3717-3F4E-47D0-ADEF-9087CDF13E0A}.Release|x64.ActiveCfg = Release|x64
		{1BDE3717-3F4E-47D0-ADEF-9087CDF13E0A}.Release|x64.Build.0 = Release|x64
		{1BDE3717-3F4E-47D0-ADEF-9087CDF13E0A}.Release|x86.ActiveCfg = Release|Win32
		{1BDE3717-3F4E-47D0-ADEF-9087CDF13E0A}.Release|x86.Build.0 = Release|Win32
		{FB88FDDA-F257-41BE-A163-89A2CD91C13B}.Debug|x64.ActiveCfg = Debug|x64
		{FB88FDDA-F257-41BE-A163-89A2CD91C13B}.Debug|x64.Build.0 = Debug|x64
		{FB88FDDA-F257-41BE-A163-89A2CD91C13B}.Debug|x86.ActiveCfg = Debug|Win32
		{FB88FDDA-F257-41BE-A163-89A2CD91C13B}.Debug|x86.Build.0 = Debug|Win32
		{FB88FDDA-F257-41BE-A163-89A2CD91C13B}.Release|x64.ActiveCfg = Release|x64
		{FB88FDDA-F257-41BE-A163-89A2CD91C13B}.Release|x64.Build.0 = Release|x64
		{FB88FDDA-F257-41BE-A163-89A2CD91C13B}.Release|x86.ActiveCfg = Release|Win32
		{FB88FDDA-F257-41BE-A163-89A2CD91C13B}.Release|x86.Build.0 = Release|Win32
		{8CF42A73-012A-4978-8D47-978D5AA7608C}.Debug|x64.ActiveCfg = Debug|x64
		{8CF42A73-012A-4978-8D47-978D5AA7608C}.Debug|x64.Build.0 = Debug|x64
		{8CF42A73-012A-4978-8D47-978D5AA7608C}.Debug|x86.ActiveCfg = Debug|Win32
		{8CF42A73-012A-4978-8D47-978D5AA7608C}.Debug|x86.Build.0 = Debug|Win32
		{8CF42A73-012A-4978-8D47-978D5AA7608C}.Release|x64.ActiveCfg = Release|x64
		{8CF42A73-012A-4978-8D47-978D5AA7608C}.Release|x64.Build.0 = Release|x64
		{8CF42A73-012A-4978-8D47-978D5AA7608C}.Release|x86.ActiveCfg = Release|Win32
		{8CF42A73-012A-4978-8D47-978D5AA7608C}.Release|x86.Build.0 = Release|Win32
		{59424BFE-2E8B-4086-A026-15A15724D8B4}.Debug|x64.ActiveCfg = Debug|x64
		{59424BFE-2E8B-4086-A026-15A15724D8B4}.Debug|x64.Build.0 = Debug|x64
		{59424BFE-2E8B-4086-A026-15A15724D8B4}.Debug|x86.ActiveCfg = Debug|Win32
		{59424BFE-2E8B-4086-A026-15A15724D8B4}.Debug|x86.Build.0 = Debug|Win32
		{59424BFE-2E8B-4086-A026-15A15724D8B4}.Release|x64.ActiveCfg = Release|x64
		{59424BFE-2E8B-4086-A026-15A15724D8B4}.Release|x64.Build.0 = Release|x64
		{59424BFE-2E8B-4086-A026-15A15724D8B4}.Release|x86.ActiveCfg = Release|Win32
		{59424BFE-2E8B-4086-A026-15A15724D8B4}.Release|x86.Build.0 = Release|Win32
		{FF42A046-A107-46E4-AB62-E28AD355E94E}.Debug|x64.ActiveCfg = Debug|x64
		{FF42A046-A107-46E4-AB62-E28AD355E94E}.Debug|x64.Build.0 = Debug|x64
		{FF42A046-A107-46E4-AB62-E28AD355E94E}.Debug|x86.ActiveCfg = Debug|Win32
		{FF42A046-A107-46E4-AB62-E28AD355E94E}.Debug|x86.Build.0 = Debug|Win32
		{FF42A046-A107-46E4-AB62-E28AD355E94E}.Release|x64.ActiveCfg = Release|x64
		{FF42A046-A107-46E4-AB62-E28AD355E94E}.Release|x64.Build.0 = Release|x64
		{FF42A046-A107-46E4-AB62-E28AD355E94E}.Release|x86.ActiveCfg = Release|Win32
		{FF42A046-A107-46E4-AB62-E28AD355E94E}.Release|x86.Build.0 = Release|Win32
		{B6C148BF-19E6-4B28-86EA-943F6D650BEE}.Debug|x64.ActiveCfg = Debug|x64
		{B6C148BF-19E6-4B28-86EA-943F6D650BEE}.Debug|x64.Build.0 = Debug|x64
		{B6C148BF-19E6-4B28-86EA-943F6D650BEE}.Debug|x86.ActiveCfg = Debug|Win32
		{B6C148BF-19E6-4B28-86EA-943F6D650BEE}.Debug|x86.Build.0 = Debug|Win32
		{B6C148BF-19E6-4B28-86EA-943F6D650BEE}.Release|x64.ActiveCfg = Release|x64
		{B6C148BF-19E6-4B28-86EA-943F6D650BEE}.Release|x64.Build.0 = Release|x64
		{B6C148BF-19E6-4B28-86EA-943F6D650BEE}.Release|x86.ActiveCfg = Release|Win32
		{B6C148BF-19E6-4B28-86EA-943F6D650BEE}.Release|x86.Build.0 = Release|Win32
		{921574A8-D5DF-4612-B36D-74C796FC8B39}.Debug|x64.ActiveCfg = Debug|x64
		{921574A8-D5DF-4612-B36D-74C796FC8B39}.Debug|x64.Build.0 = Debug|x64
		{921574A8-D5DF-4612-B36D-74C796FC8B39}.Debug|x86.ActiveCfg = Debug|Win32
		{921574A8-D5DF-4612-B36D-74C796FC8B39}.Debug|x86.Build.0 = Debug|Win32
		{921574A8-D5DF-4612-B36D-74C796FC8B39}.Release|x64.ActiveCfg = Release|x64
		{921574A8-D5DF-4612-B36D-74C796FC8B39}.Release|x64.Build.0 = Release|x64
		{921574A8-D5DF-4612-B36D-74C796FC8B39}.Release|x86.ActiveCfg = Release|Win32
		{921574A8-D5DF-4612-B36D-74C796FC8B39}.Release|x86.Build.0 = Release|Win32
		{16BA641E-3244-4A9D-9BB7-021F6CA32A0B}.Debug|x64.ActiveCfg = Debug|x64
		{16BA641E-3244-4A9D-9BB7-021F6CA32A0B}.Debug|x64.Build.0 = Debug|x64
		{16BA641E-3244-4A9D-9BB7-021F6CA32A0B}.Debug|x86.ActiveCfg = Debug|Win32
		{16BA641E-3244-4A9D-9BB7-021F6CA32A0B}.Debug|x86.Build.0 = Debug|Win32
		{16BA641E-3244-4A9D-9BB7-021F6CA32A0B}.Release|x64.ActiveCfg = Release|x64
		{16BA641E-3244-4A9D-9BB7-021F6CA32A0B}.Release|x64.Build.0 = Release|x64
		{16BA641E-3244-4A9D-9BB7-021F6CA32A0B}.Release|x86.ActiveCfg = Release|Win32
		{16BA641E-3244-4A9D-9BB7-021F6CA32A0B}.Release|x86.Build.0 = Release|Win32
		{BC176F69-1410-40AB-B017-DD665034C5B2}.Debug|x64.ActiveCfg = Debug|x64
		{BC176F69-1410-40AB-B017-DD665034C5B2}.Debug|x64.Build.0 = Debug|x64
		{BC176F69-1410-40AB-B017-DD665034C5B2}.Debug|x86.ActiveCfg = Debug|Win32
		{BC176F69-1410-40AB-B017-DD665034C5B2}.Debug|x86.Build.0 = Debug|Win32
		{BC176F69-1410-40AB-B017-DD665034C5B2}.Release|x64.ActiveCfg = Release|x64
		{BC176F69-1410-40AB-B017-DD665034C5B2}.Release|x64.Build.0 = Release|x64
		{BC176F69-1410-40AB-B017-DD665034C5B2}.Release|x86.ActiveCfg = Release|Win32
		{BC176F69-1410-40AB-B017-DD665034C5B2}.Release|x86.Build.0 = Release|Win32
		{42649300-6E67-4EA1-8256-3EE7A6EE8A94}.Debug|x64.ActiveCfg = Debug|x64
		{42649300-6E67-4EA1-8256-3EE7A6EE8A94}.Debug|x64.Build.0 = Debug|x64
		{42649300-6E67-4EA1-8256-3EE7A6EE8A94}.Debug|x86.ActiveCfg = Debug|Win32
		{42649300-6E67-4EA1-8256-3EE7A6EE8A94}.Debug|x86.Build.0 = Debug|Win32
		{42649300-6E67-4EA1-8256-3EE7A6EE8A94}.Release|x64.ActiveCfg = Release|x64
		{42649300-6E67-4EA1-8256-3EE7A6EE8A94}.Release|x64.Build.0 = Release|x64
		{42649300-6E67-4EA1-8256-3EE7A6EE8A94}.Release|x86.ActiveCfg = Release|Win32
		{42649300-6E67-4EA1-8256-3EE7A6EE8A94}.Release|x86.Build.0 = Release|Win32
		{34F58005-10A9-4B83-92B3-E2B5A8C5F0D5}.Debug|x64.ActiveCfg = Debug|x64
		{34F58005-10A9-4B83-92B3-E2B5A8C5F0D5}.Debug|x64.Build.0 = Debug|x64
		{34F58005-10A9-4B83-92B3-E2B5A8C5F0D5}.Debug|x86.ActiveCfg = Debug|Win32
		{34F58005-10A9-4B83-92B3-E2B5A8C5F0D5}.Debug|x86.Build.0 = Debug|Win32
		{34F58005-10A9-4B83-92B3-E2B5A8C5F0D5}.Release|x64.ActiveCfg = Release|x64
		{34F58005-10A9-4B83-92B3-E2B5A8C5F0D5}.Release|x64.Build.0 = Release|x64
		{34F58005-10A9-4B83-92B3-E2B5A8C5F0D5}.Release|x86.ActiveCfg = Release|Win32
		{34F58005-10A9-4B83-92B3-E2B5A8C5F0D5}.Release|x86.Build.0 = Release|Win32
		{52C722ED-B519-4784-9404-A1E10FBE144E}.Debug|x64.ActiveCfg = Debug|x64
		{52C722ED-B519-4784-9404-A1E10FBE144E}.Debug|x64.Build.0 = Debug|x64
		{52C722ED-B519-4784-9404-A1E10FBE144E}.Debug|x86.ActiveCfg = Debug|Win32
		{52C722ED-B519-4784-9404-A1E10FBE144E}.Debug|x86.Build.0 = Debug|Win32
		{52C722ED-B519-4784-9404-A1E10FBE144E}.Release|x64.ActiveCfg = Release|x64
		{52C722ED-B519-4784-9404-A1E10FBE144E}.Release|x64.Build.0 = Release|x64
		{52C722ED-B519-4784-9404-A1E10FBE144E}.Release|x86.ActiveCfg = Release|Win32
		{52C722ED-B519-4784-9404-A1E10FBE144E}.Release|x86.Build.0 = Release|Win32
		{712DC539-C89B-46BE-8B52-85A7A0445B1B}.Debug|x64.ActiveCfg = Debug|x64
		{712DC539-C89B-46BE-8B52-85A7A0445B1B}.Debug|x64.Build.0 = Debug|x64
		{712DC539-C89B-46BE-8B52-85A7A0445B1B}.Debug|x86.ActiveCfg = Debug|Win32
		{712DC539-C89B-46BE-8B52-85A7A0445B1B}.Debug|x86.Build.0 = Debug|Win32
		{712DC539-C89B-46BE-8B52-85A7A0445B1B}.Release|x64.ActiveCfg = Release|x64
		{712DC539-C89B-46BE-8B52-85A7A0445B1B}.Release|x64.Build.0 = Release|x64
		{712DC539-C89B-46BE-8B52-85A7A0445B1B}.Release|x86.ActiveCfg = Release|Win32
		{712DC539-C89B-46BE-8B52-85A7A0445B1B}.Release|x86.Build.0 = Release|Win32
		{61C7AE8F-1E05-4A4C-8218-035776390711}.Debug|x64.ActiveCfg = Debug|x64
		{61C7AE8F-1E05-4A4C-8218-035776390711}.Debug|x64.Build.0 = Debug|x64
		{61C7AE8F-1E05-4A4C-8218-035776390711}.Debug|x86.ActiveCfg = Debug|Win32
		{61C7AE8F-1E05-4A4C-8218-035776390711}.Debug|x86.Build.0 = Debug|Win32
		{61C7AE8F-1E05-4A4C-8218-035776390711}.Release|x64.ActiveCfg = Release|x64
		{61C7AE8F-1E05-4A4C-8218-035776390711}.Release|x64.Build.0 = Release|x64
		{61C7AE8F-1E05-4A4C-8218-035776390711}.Release|x86.ActiveCfg = Release|Win32
		{61C7AE8F-1E05-4A4C-8218-035776390711}.Release|x86.Build.0 = Release|Win32
		{C7EE79AD-5BDD-4BD8-943C-E4195BE10269}.Debug|x64.ActiveCfg = Debug|x64
		{C7EE79AD-5BDD-4BD8-943C-E4195BE10269}.Debug|x64.Build.0 = Debug|x64
		{C7EE79AD-5BDD-4BD8-943C-E4195BE10269}.Debug|x86.ActiveCfg = Debug|Win32
		{C7EE79AD-5BDD-4BD8-943C-E4195BE10269}.Debug|x86.Build.0 = Debug|Win32
		{C7EE79AD-5BDD-4BD8-943C-E4195BE10269}.Release|x64.ActiveCfg = Release|x64
		{C7EE79AD-5BDD-4BD8-943C-E4195BE10269}.Release|x64.Build.0 = Release|x64
		{C7EE79AD-5BDD-4BD8-943C-E4195BE10269}.Release|x86.ActiveCfg = Release|Win32
		{C7EE79AD-5BDD-4BD8-943C-E4195BE10269}.Release|x86.Build.0 = Release|Win32
		{D5589C3E-1B1B-490E-89AB-DE4C11C4379E}.Debug|x64.ActiveCfg = Debug|x64
		{D5589C3E-1B1B-490E-89AB-DE4C11C4379E}.Debug|x64.Build.0 = Debug|x64
		{D5589C3E-1B1B-490E-89AB-DE4C11C4379E}.Debug|x86.ActiveCfg = Debug|Win32
		{D5589C3E-1B1B-490E-89AB-DE4C11C4379E}.Debug|x86.Build.0 = Debug|Win32
		{D5589C3E-1B1B-490E-89AB-DE4C11C4379E}.Release|x64.ActiveCfg = Release|x64
		{D5589C3E-1B1B-490E-89AB-DE4C11C4379E}.Release|x64.Build.0 = Release|x64
		{D5589C3E-1B1B-490E-89AB-DE4C11C4379E}.Release|x86.ActiveCfg = Release|Win32
		{D5589C3E-1B1B-490E-89AB-DE4C11C4379E}.Release|x86.Build.0 = Release|Win32
		{C5EB53A8-CBAD-43EA-83E5-C2EC4077E166}.Debug|x64.ActiveCfg = Debug|x64
		{C5EB53A8-CBAD-43EA-83E5-C2EC4077E166}.Debug|x64.Build.0 = Debug|x64
		{C5EB53A8-CBAD-43EA-83E5-C2EC4077E166}.Debug|x86.ActiveCfg = Debug|Win32
		{C5EB53A8-CBAD-43EA-83E5-C2EC4077E166}.Debug|x86.Build.0 = Debug|Win32
		{C5EB53A8-CBAD-43EA-83E5-C2EC4077E166}.Release|x64.ActiveCfg = Release|x64
		{C5EB53A8-CBAD-43EA-83E5-C2EC4077E166}.Release|x64.Build.0 = Release|x64
		{C5EB53A8-CBAD-43EA-83E5-C2EC4077E166}.Release|x86.ActiveCfg = Release|Win32
		{C5EB53A8-CBAD-43EA-83E5-C2EC4077E166}.Release|x86.Build.0 = Release|Win32
		{C5996B9F-433B-495B-8A93-C3DC0EAC6A3F}.Debug|x64.ActiveCfg = Debug|x64
		{C5996B9F-433B-495B-8A93-C3DC0EAC6A3F}.Debug|x64.Build.0 = Debug|x64
		{C5996B9F-433B-495B-8A93-C3DC0EAC6A3F}.Debug|x86.ActiveCfg = Debug|Win32
		{C5996B9F-433B-495B-8A93-C3DC0EAC6A3F}.Debug|x86.Build.0 = Debug|Win32
		{C5996B9F-433B-495B-8A93-C3DC0EAC6A3F}.Release|x64.ActiveCfg = Release|x64
		{C5996B9F-433B-495B-8A93-C3DC0EAC6A3F}.Release|x64.Build.0 = Release|x64
		{C5996B9F-433B-495B-8A93-C3DC0EAC6A3F}.Release|x86.ActiveCfg = Release|Win32
		{C5996B9F-433B-495B-8A93-C3DC0EAC6A3F}.Release|x86.Build.0 = Release|Win32
		{A5C94D36-2585-4524-A64F-66301D599ADD}.Debug|x64.ActiveCfg = Debug|x64
		{A5C94D36-2585-4524-A64F-66301D599ADD}.Debug|x64.Build.0 = Debug|x64
		{A5C94D36-2585-4524-A64F-66301D599ADD}.Debug|x86.ActiveCfg = Debug|Win32
		{A5C94D36-2585-4524-A64F-66301D599ADD}.Debug|x86.Build.0 = Debug|Win32
		{A5C94D36-2585-4524-A64F-66301D599ADD}.Release|x64.ActiveCfg = Release|x64
		{A5C94D36-2585-4524-A64F-66301D599ADD}.Release|x64.Build.0 = Release|x64
		{A5C94D36-2585-4524-A64F-66301D599ADD}.Release|x86.ActiveCfg = Release|Win32
		{A5C94D36-2585-4524-A64F-66301D599ADD}.Release|x86.Build.0 = Release|Win32
		{889582CF-F21B-4CE7-8B9A-652C1D4B0004}.Debug|x64.ActiveCfg = Debug|x64
		{889582CF-F21B-4CE7-8B9A-652C1D4B0004}.Debug|x64.Build.0 = Debug|x64
		{889582CF-F21B-4CE7-8B9A-652C1D4B0004}.Debug|x86.ActiveCfg = Debug|Win32
		{889582CF-F21B-4CE7-8B9A-652C1D4B0004}.Debug|x86.Build.0 = Debug|Win32
		{889582CF-F21B-4CE7-8B9A-652C1D4B0004}.Release|x64.ActiveCfg = Release|x64
		{889582CF-F21B-4CE7-8B9A-652C1D4B0004}.Release|x64.Build.0 = Release|x64
		{889582CF-F21B-4CE7-8B9A-652C1D4B0004}.Release|x86.ActiveCfg = Release|Win32
		{889582CF-F21B-4CE7-8B9A-652C1D4B0004}.Release|x86.Build.0 = Release|Win32
		{BF50DDD2-FD5E-4965-8964-09FCC27B0029}.Debug|x64.ActiveCfg = Debug|x64
		{BF50DDD2-FD5E-4965-8964-09FCC27B0029}.Debug|x64.Build.0 = Debug|x64
		{BF50DDD2-FD5E-4965-8964-09FCC27B0029}.Debug|x86.ActiveCfg = Debug|Win32
		{BF50DDD2-FD5E-4965-8964-09FCC27B0029}.Debug|x86.Build.0 = Debug|Win32
		{BF50DDD2-FD5E-4965-8964-09FCC27B0029}.Release|x64.ActiveCfg = Release|x64
		{BF50DDD2-FD5E-4965-8964-09FCC27B0029}.Release|x64.Build.0 = Release|x64
		{BF50DDD2-FD5E-4965-8964-09FCC27B0029}.Release|x86.ActiveCfg = Release|Win32
		{BF50DDD2-FD5E-4965-8964-09FCC27B0029}.Release|x86.Build.0 = Release|Win32
		{A3967CDB-8F33-4600-A644-6CB0F4819055}.Debug|x64.ActiveCfg = Debug|x64
		{A3967CDB-8F33-4600-A644-6CB0F4819055}.Debug|x64.Build.0 = Debug|x64
		{A3967CDB-8F33-4600-A644-6CB0F4819055}.Debug|x86.ActiveCfg = Debug|Win32
		{A3967CDB-8F33-4600-A644-6CB0F4819055}.Debug|x86.Build.0 = Debug|Win32
		{A3967CDB-8F33-4600-A644-6CB0F4819055}.Release|x64.ActiveCfg = Release|x64
		{A3967CDB-8F33-4600-A644-6CB0F4819055}.Release|x64.Build.0 = Release|x64
		{A3967CDB-8F33-4600-A644-6CB0F4819055}.Release|x86.ActiveCfg = Release|Win32
		{A3967CDB-8F33-4600-A644-6CB0F4819055}.Release|x86.Build.0 = Release|Win32
		{BEC32984-036C-455C-BEA7-A29BA33F66AF}.Debug|x64.ActiveCfg = Debug|x64
		{BEC32984-036C-455C-BEA7-A29BA33F66AF}.Debug|x64.Build.0 = Debug|x64
		{BEC32984-036C-455C-BEA7-A29BA33F66AF}.Debug|x86.ActiveCfg = Debug|Win32
		{BEC32984-036C-455C-BEA7-A29BA33F66AF}.Debug|x86.Build.0 = Debug|Win32
		{BEC32984-036C-455C-BEA7-A29BA33F66AF}.Release|x64.ActiveCfg = Release|x64
		{BEC32984-036C-455C-BEA7-A29BA33F66AF}.Release|x64.Build.0 = Release|x64
		{BEC32984-036C-455C-BEA7-A29BA33F66AF}.Release|x86.ActiveCfg = Release|Win32
		{BEC32984-036C-455C-BEA7-A29BA33F66AF}.Release|x86.Build.0 = Release|Win32
		{C6008C99-592D-48E0-8AE4-D3E23F104E0B}.Debug|x64.ActiveCfg = Debug|x64
		{C6008C99-592D-48E0-8AE4-D3E23F104E0B}.Debug|x64.Build.0 = Debug|x64
		{C6008C99-592D-48E0-8AE4-D3E23F104E0B}.Debug|x86.ActiveCfg = Debug|Win32
		{C6008C99-592D-48E0-8AE4-D3E23F104E0B}.Debug|x86.Build.0 = Debug|Win32
		{C6008C99-592D-48E0-8AE4-D3E23F104E0B}.Release|x64.ActiveCfg = Release|x64
		{C6008C99-592D-48E0-8AE4-D3E23F104E0B}.Release|x64.Build.0 = Release|x64
		{C6008C99-592D-48E0-8AE4-D3E23F104E0B}.Release|x86.ActiveCfg = Release|Win32
		{C6008C99-592D-48E0-8AE4-D3E23F104E0B}.Release|x86.Build.0 = Release|Win32
		{7DF927F8-1E53-464B-B064-971CF43819E9}.Debug|x64.ActiveCfg = Debug|x64
		{7DF927F8-1E53-464B-B064-971CF43819E9}.Debug|x64.Build.0 = Debug|x64
		{7DF927F8-1E53-464B-B064-971CF43819E9}.Debug|x86.ActiveCfg = Debug|Win32
		{7DF927F8-1E53-464B-B064-971CF43819E9}.Debug|x86.Build.0 = Debug|Win32
		{7DF927F8-1E53-464B-B064-971CF43819E9}.Release|x64.ActiveCfg = Release|x64
		{7DF927F8-1E53-464B-B064-971CF43819E9}.Release|x64.Build.0 = Release|x64
		{7DF927F8-1E53-464B-B064-971CF43819E9}.Release|x86.ActiveCfg = Release|Win32
		{7DF927F8-1E53-464B-B064-971CF43819E9}.Release|x86.Build.0 = Release|Win32
		{ED8B21FC-3425-475B-8853-4DFE763C2CBB}.Debug|x64.ActiveCfg = Debug|x64
		{ED8B21FC-3425-475B-8853-4DFE763C2CBB}.Debug|x64.Build.0 = Debug|x64
		{ED8B21FC-3425-475B-8853-4DFE763C2CBB}.Debug|x86.ActiveCfg = Debug|Win32
		{ED8B21FC-3425-475B-8853-4DFE763C2CBB}.Debug|x86.Build.0 = Debug|Win32
		{ED8B21FC-3425-475B-8853-4DFE763C2CBB}.Release|x64.ActiveCfg = Release|x64
		{ED8B21FC-3425-475B-8853-4DFE763C2CBB}.Release|x64.Build.0 = Release|x64
		{ED8B21FC-3425-475B-8853-4DFE763C2CBB}.Release|x86.ActiveCfg = Release|Win32
		{ED8B21FC-3425-475B-8853-4DFE763C2CBB}.Release|x86.Build.0 = Release|Win32
		{C2310577-428E-48F2-A4F2-5CD465D4032A}.Debug|x64.ActiveCfg = Debug|x64
		{C2310577-428E-48F2-A4F2-5CD465D4032A}.Debug|x64.Build.0 = Debug|x64
		{C2310577-428E-48F2-A4F2-5CD465D4032A}.Debug|x86.ActiveCfg = Debug|Win32
		{C2310577-428E-48F2-A4F2-5CD465D4032A}.Debug|x86.Build.0 = Debug|Win32
		{C2310577-428E-48F2-A4F2-5CD465D4032A}.Release|x64.ActiveCfg = Release|x64
		{C2310577-428E-48F2-A4F2-5CD465D4032A}.Release|x64.Build.0 = Release|x64
		{C2310577-428E-48F2-A4F2-5CD465D4032A}.Release|x86.ActiveCfg = Release|Win32
		{C2310577-428E-48F2-A4F2-5CD465D4032A}.Release|x86.Build.0 = Release|Win32
		{06E0CD4E-09A3-40ED-ABD5-4E18C10EE87D}.Debug|x64.ActiveCfg = Debug|x64
		{06E0CD4E-09A3-40ED-ABD5-4E18C10EE87D}.Debug|x64.Build.0 = Debug|x64
		{06E0CD4E-09A3-40ED-ABD5-4E18C10EE87D}.Debug|x86.ActiveCfg = Debug|Win32
		{06E0CD4E-09A3-40ED-ABD5-4E18C10EE87D}.Debug|x86.Build.0 = Debug|Win32
		{06E0CD4E-09A3-40ED-ABD5-4E18C10EE87D}.Release|x64.ActiveCfg = Release|x64
		{06E0CD4E-09A3-40ED-ABD5-4E18C10EE87D}.Release|x64.Build.0 = Release|x64
		{06E0CD4E-09A3-40ED-ABD5-4E18C10EE87D}.Release|x86.ActiveCfg = Release|Win32
		{06E0CD4E-09A3-40ED-ABD5-4E18C10EE87D}.Release|x86.Build.0 = Release|Win32
		{2A76820D-7FFB-4617-8508-BEA271C256CE}.Debug|x64.ActiveCfg = Debug|x64
		{2A76820D-7FFB-4617-8508-BEA271C256CE}.Debug|x64.Build.0 = Debug|x64
		{2A76820D-7FFB-4617-8508-BEA271C256CE}.Debug|x86.ActiveCfg = Debug|Win32
		{2A76820D-7FFB-4617-8508-BEA271C256CE}.Debug|x86.Build.0 = Debug|Win32
		{2A76820D-7FFB-4617-8508-BEA271C256CE}.Release|x64.ActiveCfg = Release|x64
		{2A76820D-7FFB-4617-8508-BEA271C256CE}.Release|x64.Build.0 = Release|x64
		{2A76820D-7FFB-4617-8508-BEA271C256CE}.Release|x86.ActiveCfg = Release|Win32
		{2A76820D-7FFB-4617-8508-BEA271C256CE}.Release|x86.Build.0 = Release|Win32
		{F3CFD6AF-9C60-44F0-BADC-AC05979C6A3B}.Debug|x64.ActiveCfg = Debug|x64
		{F3CFD6AF-9C60-44F0-BADC-AC05979C6A3B}.Debug|x64.Build.0 = Debug|x64
		{F3CFD6AF-9C60-44F0-BADC-AC05979C6A3B}.Debug|x86.ActiveCfg = Debug|Win32
		{F3CFD6AF-9C60-44F0-BADC-AC05979C6A3B}.Debug|x86.Build.0 = Debug|Win32
		{F3CFD6AF-9C60-44F0-BADC-AC05979C6A3B}.Release|x64.ActiveCfg = Release|x64
		{F3CFD6AF-9C60-44F0-BADC-AC05979C6A3B}.Release|x64.Build.0 = Release|x64
		{F3CFD6AF-9C60-44F0-BADC-AC05979C6A3B}.Release|x86.ActiveCfg = Release|Win32
		{F3CFD6AF-9C60-44F0-BADC-AC05979C6A3B}.Release|x86.Build.0 = Release|Win32
		{39477F42-1462-40ED-BB9F-2E1485884CE3}.Debug|x64.ActiveCfg = Debug|x64
		{39477F42-1462-40ED-BB9F-2E1485884CE3}.Debug|x64.Build.0 = Debug|x64
		{39477F42-1462-40ED-BB9F-2E1485884CE3}.Debug|x86.ActiveCfg = Debug|Win32
		{39477F42-1462-40ED-BB9F-2E1485884CE3}.Debug|x86.Build.0 = Debug|Win32
		{39477F42-1462-40ED-BB9F-2E1485884CE3}.Release|x64.ActiveCfg = Release|x64
		{39477F42-1462-40ED-BB9F-2E1485884CE3}.Release|x64.Build.0 = Release|x64
		{39477F42-1462-40ED-BB9F-2E1485884CE3}.Release|x86.ActiveCfg = Release|Win32
		{39477F42-1462-40ED-BB9F-2E1485884CE3}.Release|x86.Build.0 = Release|Win32
		{CD68828B-D058-4FF4-953A-ACF10BC9FEEC}.Debug|x64.ActiveCfg = Debug|x64
		{CD68828B-D058-4FF4-953A-ACF10BC9FEEC}.Debug|x64.Build.0 = Debug|x64
		{CD68828B-D058-4FF4-953A-ACF10BC9FEEC}.Debug|x86.ActiveCfg = Debug|Win32
		{CD68828B-D058-4FF4-953A-ACF10BC9FEEC}.Debug|x86.Build.0 = Debug|Win32
		{CD68828B-D058-4FF4-953A-ACF10BC9FEEC}.Release|x64.ActiveCfg = Release|x64
		{CD68828B-D058-4FF4-953A-ACF10BC9FEEC}.Release|x64.Build.0 = Release|x64
		{CD68828B-D058-4FF4-953A-ACF10BC9FEEC}.Release|x86.ActiveCfg = Release|Win32
		{CD68828B-D058-4FF4-953A-ACF10BC9FEEC}.Release|x86.Build.0 = Release|Win32
		{0F0969A0-6F4D-4DD1-B3C6-158B3F3E31C6}.Debug|x64.ActiveCfg = Debug|x64
		{0F0969A0-6F4D-4DD1-B3C6-158B3F3E31C6}.Debug|x64.Build.0 = Debug|x64
		{0F0969A0-6F4D-4DD1-B3C6-158B3F3E31C6}.Debug|x86.ActiveCfg = Debug|Win32
		{0F0969A0-6F4D-4DD1-B3C6-158B3F3E31C6}.Debug|x86.Build.0 = Debug|Win32
		{0F0969A0-6F4D-4DD1-B3C6-158B3F3E31C6}.Release|x64.ActiveCfg = Release|x64
		{0F0969A0-6F4D-4DD1-B3C6-158B3F3E31C6}.Release|x64.Build.0 = Release|x64
		{0F0969A0-6F4D-4DD1-B3C6-158B3F3E31C6}.Release|x86.ActiveCfg = Release|Win32
		{0F0969A0-6F4D-4DD1-B3C6-158B3F3E31C6}.Release|x86.Build.0 = Release|Win32
		{8CB1A0EA-290B-45DD-9D00-6FF0A65BC3CD}.Debug|x64.ActiveCfg = Debug|x64
		{8CB1A0EA-290B-45DD-9D00-6FF0A65BC3CD}.Debug|x64.Build.0 = Debug|x64
		{8CB1A0EA-290B-45DD-9D00-6FF0A65BC3CD}.Debug|x86.ActiveCfg = Debug|Win32
		{8CB1A0EA-290B-45DD-9D00-6FF0A65BC3CD}.Debug|x86.Build.0 = Debug|Win32
		{8CB1A0EA-290B-45DD-9D00-6FF0A65BC3CD}.Release|x64.ActiveCfg = Release|x64
		{8CB1A0EA-290B-45DD-9D00-6FF0A65BC3CD}.Release|x64.Build.0 = Release|x64
		{8CB1A0EA-290B-45DD-9D00-6FF0A65BC3CD}.Release|x86.ActiveCfg = Release|Win32
		{8CB1A0EA-290B-45DD-9D00-6FF0A65BC3CD}.Release|x86.Build.0 = Release|Win32
		{F96DA9AD-8FE1-488E-BC2F-E9AD30C54278}.Debug|x64.ActiveCfg = Debug|x64
		{F96DA9AD-8FE1-488E-BC2F-E9AD30C54278}.Debug|x64.Build.0 = Debug|x64
		{F96DA9AD-8FE1-488E-BC2F-E9AD30C54278}.Debug|x86.ActiveCfg = Debug|Win32
		{F96DA9AD-8FE1-488E-BC2F-E9AD30C54278}.Debug|x86.Build.0 = Debug|Win32
		{F96DA9AD-8FE1-488E-BC2F-E9AD30C54278}.Release|x64.ActiveCfg = Release|x64
		{F96DA9AD-8FE1-488E-BC2F-E9AD30C54278}.Release|x64.Build.0 = Release|x64
		{F96DA9AD-8FE1-488E-BC2F-E9AD30C54278}.Release|x86.ActiveCfg = Release|Win32
		{F96DA9AD-8FE1-488E-BC2F-E9AD30C54278}.Release|x86.Build.0 = Release|Win32
		{BB4F2A36-EFF4-4F6E-BB55-2A589FC620C3}.Debug|x64.ActiveCfg = Debug|x64
		{BB4F2A36-EFF4-4F6E-BB55-2A589FC620C3}.Debug|x64.Build.0 = Debug|x64
		{BB4F2A36-EFF4-4F6E-BB55-2A589FC620C3}.Debug|x86.ActiveCfg = Debug|Win32
		{BB4F2A36-EFF4-4F6E-BB55-2A589FC620C3}.Debug|x86.Build.0 = Debug|Win32
		{BB4F2A36-EFF4-4F6E-BB55-2A589FC620C3}.Release|x64.ActiveCfg = Release|x64
		{BB4F2A36-EFF4-4F6E-BB55-2A589FC620C3}.Release|x64.Build.0 = Release|x64
		{BB4F2A36-EFF4-4F6E-BB55-2A589FC620C3}.Release|x86.ActiveCfg = Release|Win32
		{BB4F2A36-EFF4-4F6E-BB55-2A589FC620C3}.Release|x86.Build.0 = Release|Win32
		{8DD4AF56-C48A-4B16-8374-FD31C1D71A18}.Debug|x64.ActiveCfg = Debug|x64
		{8DD4AF56-C48A-4B16-8374-FD31C1D71A18}.Debug|x64.Build.0 = Debug|x64
		{8DD4AF56-C48A-4B16-8374-FD31C1D71A18}.Debug|x86.ActiveCfg = Debug|Win32
		{8DD4AF56-C48A-4B16-8374-FD31C1D71A18}.Debug|x86.Build.0 = Debug|Win32
		{8DD4AF56-C48A-4B16-8374-FD31C1D71A18}.Release|x64.ActiveCfg = Release|x64
		{8DD4AF56-C48A-4B16-8374-FD31C1D71A18}.Release|x64.Build.0 = Release|x64
		{8DD4AF56-C48A-4B16-8374-FD31C1D71A18}.Release|x86.ActiveCfg = Release|Win32
		{8DD4AF56-C48A-4B16-8374-FD31C1D71A18}.Release|x86.Build.0 = Release|Win32
		{8F01698F-2045-49FC-82A8-6F199B52796D}.Debug|x64.ActiveCfg = Debug|x64
		{8F01698F-2045-49FC-82A8-6F199B52796D}.Debug|x64.Build.0 = Debug|x64
		{8F01698F-2045-49FC-82A8-6F199B52796D}.Debug|x86.ActiveCfg = Debug|Win32
		{8F01698F-2045-49FC-82A8-6F199B52796D}.Debug|x86.Build.0 = Debug|Win32
		{8F01698F-2045-49FC-82A8-6F199B52796D}.Release|x64.ActiveCfg = Release|x64
		{8F01698F-2045-49FC-82A8-6F199B52796D}.Release|x64.Build.0 = Release|x64
		{8F01698F-2045-49FC-82A8-6F199B52796D}.Release|x86.ActiveCfg = Release|Win32
		{8F01698F-2045-49FC-82A8-6F199B52796D}.Release|x86.Build.0 = Release|Win32
		{3E3A0C3D-FD31-46F2-8BC0-7701D554DAD3}.Debug|x64.ActiveCfg = Debug|x64
		{3E3A0C3D-FD31-46F2-8BC0-7701D554DAD3}.Debug|x64.Build.0 = Debug|x64
		{3E3A0C3D-FD31-46F2-8BC0-7701D554DAD3}.Debug|x86.ActiveCfg = Debug|Win32
		{3E3A0C3D-FD31-46F2-8BC0-7701D554DAD3}.Debug|x86.Build.0 = Debug|Win32
		{3E3A0C3D-FD31-46F2-8BC0-7701D554DAD3}.Release|x64.ActiveCfg = Release|x64
		{3E3A0C3D-FD31-46F2-8BC0-7701D554DAD3}.Release|x64.Build.0 = Release|x64
		{3E3A0C3D-FD31-46F2-8BC0-7701D554DAD3}.Release|x86.ActiveCfg = Release|Win32
		{3E3A0C3D-FD31-46F2-8BC0-7701D554DAD3}.Release|x86.Build.0 = Release|Win32
		{A2436D3D-48AF-452C-8F45-6CDAFE27C133}.Debug|x64.ActiveCfg = Debug|x64
		{A2436D3D-48AF-452C-8F45-6CDAFE27C133}.Debug|x64.Build.0 = Debug|x64
		{A2436D3D-48AF-452C-8F45-6CDAFE27C133}.Debug|x86.ActiveCfg = Debug|Win32
		{A2436D3D-48AF-452C-8F45-6CDAFE27C133}.Debug|x86.Build.0 = Debug|Win32
		{A2436D3D-48AF-452C-8F45-6CDAFE27C133}.Release|x64.ActiveCfg = Release|x64
		{A2436D3D-48AF-452C-8F45-6CDAFE27C133}.Release|x64.Build.0 = Release|x64
		{A2436D3D-48AF-452C-8F45-6CDAFE27C133}.Release|x86.ActiveCfg = Release|Win32
		{A2436D3D-48AF-452C-8F45-6CDAFE27C133}.Release|x86.Build.0 = Release|Win32
		{E4317525-9031-4D21-93BC-7F8A3DA8382F}.Debug|x64.ActiveCfg = Debug|x64
		{E4317525-9031-4D21-93BC-7F8A3DA8382F}.Debug|x64.Build.0 = Debug|x64
		{E4317525-9031-4D21-93BC-7F8A3DA8382F}.Debug|x86.ActiveCfg = Debug|Win32
		{E4317525-9031-4D21-93BC-7F8A3DA8382F}.Debug|x86.Build.0 = Debug|Win32
		{E4317525-9031-4D21-93BC-7F8A3DA8382F}.Release|x64.ActiveCfg = Release|x64
		{E4317525-9031-4D21-93BC-7F8A3DA8382F}.Release|x64.Build.0 = Release|x64
		{E4317525-9031-4D21-93BC-7F8A3DA8382F}.Release|x86.ActiveCfg = Release|Win32
		{E4317525-9031-4D21-93BC-7F8A3DA8382F}.Release|x86.Build.0 = Release|Win32
		{2076A8FB-3EB0-4BE4-9BCD-03378156EC73}.Debug|x64.ActiveCfg = Debug|x64
		{2076A8FB-3EB0-4BE4-9BCD-03378156EC73}.Debug|x64.Build.0 = Debug|x64
		{2076A8FB-3EB0-4BE4-9BCD-03378156EC73}.Debug|x86.ActiveCfg = Debug|Win32
		{2076A8FB-3EB0-4BE4-9BCD-03378156EC73}.Debug|x86.Build.0 = Debug|Win32
		{2076A8FB-3EB0-4BE4-9BCD-03378156EC73}.Release|x64.ActiveCfg = Release|x64
		{2076A8FB-3EB0-4BE4-9BCD-03378156EC73}.Release|x64.Build.0 = Release|x64
		{2076A8FB-3EB0-4BE4-9BCD-03378156EC73}.Release|x86.ActiveCfg = Release|Win32
		{2076A8FB-3EB0-4BE4-9BCD-03378156EC73}.Release|x86.Build.0 = Release|Win32
		{120D9D4B-9D8B-4B72-B8A2-53327389684C}.Debug|x64.ActiveCfg = Debug|x64
		{120D9D4B-9D8B-4B72-B8A2-53327389684C}.Debug|x64.Build.0 = Debug|x64
		{120D9D4B-9D8B-4B72-B8A2-53327389684C}.Debug|x86.ActiveCfg = Debug|Win32
		{120D9D4B-9D8B-4B72-B8A2-53327389684C}.Debug|x86.Build.0 = Debug|Win32
		{120D9D4B-9D8B-4B72-B8A2-53327389684C}.Release|x64.ActiveCfg = Release|x64
		{120D9D4B-9D8B-4B72-B8A2-53327389684C}.Release|x64.Build.0 = Release|x64
		{120D9D4B-9D8B-4B72-B8A2-53327389684C}.Release|x86.ActiveCfg = Release|Win32
		{120D9D4B-9D8B-4B72-B8A2-53327389684C}.Release|x86.Build.0 = Release|Win32
		{B7A0C1FA-FCA8-4D91-AD4A-29F63CDF7147}.Debug|x64.ActiveCfg = Debug|x64
		{B7A0C1FA-FCA8-4D91-AD4A-29F63CDF7147}.Debug|x64.Build.0 = Debug|x64
		{B7A0C1FA-FCA8-4D91-AD4A-29F63CDF7147}.Debug|x86.ActiveCfg = Debug|Win32
		{B7A0C1FA-FCA8-4D91-AD4A-29F63CDF7147}.Debug|x86.Build.0 = Debug|Win32
		{B7A0C1FA-FCA8-4D91-AD4A-29F63CDF7147}.Release|x64.ActiveCfg = Release|x64
		{B7A0C1FA-FCA8-4D91-AD4A-29F63CDF7147}.Release|x64.Build.0 = Release|x64
		{B7A0C1FA-FCA8-4D91-AD4A-29F63CDF7147}.Release|x86.ActiveCfg = Release|Win32
		{B7A0C1FA-FCA8-4D91-AD4A-29F63CDF7147}.Release|x86.Build.0 = Release|Win32
		{3F1ECF29-A4D9-4623-AA09-69646E35CCD8}.Debug|x64.ActiveCfg = Debug|x64
		{3F1ECF29-A4D9-4623-AA09-69646E35CCD8}.Debug|x64.Build.0 = Debug|x64
		{3F1ECF29-A4D9-4623-AA09-69646E35CCD8}.Debug|x86.ActiveCfg = Debug|Win32
		{3F1ECF29-A4D9-4623-AA09-69646E35CCD8}.Debug|x86.Build.0 = Debug|Win32
		{3F1ECF29-A4D9-4623-AA09-69646E35CCD8}.Release|x64.ActiveCfg = Release|x64
		{3F1ECF29-A4D9-4623-AA09-69646E35CCD8}.Release|x64.Build.0 = Release|x64
		{3F1ECF29-A4D9-4623-AA09-69646E35CCD8}.Release|x86.ActiveCfg = Release|Win32
		{3F1ECF29-A4D9-4623-AA09-69646E35CCD8}.Release|x86.Build.0 = Release|Win32
		{9B347055-C84B-4A67-BEDB-877D2B3BF89F}.Debug|x64.ActiveCfg = Debug|x64
		{9B347055-C84B-4A67-BEDB-877D2B3BF89F}.Debug|x64.Build.0 = Debug|x64
		{9B347055-C84B-4A67-BEDB-877D2B3BF89F}.Debug|x86.ActiveCfg = Debug|Win32
		{9B347055-C84B-4A67-BEDB-877D2B3BF89F}.Debug|x86.Build.0 = Debug|Win32
		{9B347055-C84B-4A67-BEDB-877D2B3BF89F}.Release|x64.ActiveCfg = Release|x64
		{9B347055-C84B-4A67-BEDB-877D2B3BF89F}.Release|x64.Build.0 = Release|x64
		{9B347055-C84B-4A67-BEDB-877D2B3BF89F}.Release|x86.ActiveCfg = Release|Win32
		{9B347055-C84B-4A67-BEDB-877D2B3BF89F}.Release|x86.Build.0 = Release|Win32
		{7DD08A9D-80F3-4175-9302-5F232036FB44}.Debug|x64.ActiveCfg = Debug|x64
		{7DD08A9D-80F3-4175-9302-5F232036FB44}.Debug|x64.Build.0 = Debug|x64
		{7DD08A9D-80F3-4175-9302-5F232036FB44}.Debug|x86.ActiveCfg = Debug|Win32
		{7DD08A9D-80F3-4175-9302-5F232036FB44}.Debug|x86.Build.0 = Debug|Win32
		{7DD08A9D-80F3-4175-9302-5F232036FB44}.Release|x64.ActiveCfg = Release|x64
		{7DD08A9D-80F3-4175-9302-5F232036FB44}.Release|x64.Build.0 = Release|x64
		{7DD08A9D-80F3-4175-9302-5F232036FB44}.Release|x86.ActiveCfg = Release|Win32
		{7DD08A9D-80F3-4175-9302-5F232036FB44}.Release|x86.Build.0 = Release|Win32
		{58176136-90BD-42AB-B56B-5EEB1113B1CE}.Debug|x64.ActiveCfg = Debug|x64
		{58176136-90BD-42AB-B56B-5EEB1113B1CE}.Debug|x64.Build.0 = Debug|x64
		{58176136-90BD-42AB-B56B-5EEB1113B1CE}.Debug|x86.ActiveCfg = Debug|Win32
		{58176136-90BD-42AB-B56B-5EEB1113B1CE}.Debug|x86.Build.0 = Debug|Win32
		{58176136-90BD-42AB-B56B-5EEB1113B1CE}.Release|x64.ActiveCfg = Release|x64
		{58176136-90BD-42AB-B56B-5EEB1113B1CE}.Release|x64.Build.0 = Release|x64
		{58176136-90BD-42AB-B56B-5EEB1113B1CE}.Release|x86.ActiveCfg = Release|Win32
		{58176136-90BD-42AB-B56B-5EEB1113B1CE}.Release|x86.Build.0 = Release|Win32
		{9472B4ED-3E4C-4334-9A55-AD7FC70082A1}.Debug|x64.ActiveCfg = Debug|x64
		{9472B4ED-3E4C-4334-9A55-AD7FC70082A1}.Debug|x64.Build.0 = Debug|x64
		{9472B4ED-3E4C-4334-9A55-AD7FC70082A1}.Debug|x86.ActiveCfg = Debug|Win32
		{9472B4ED-3E4C-4334-9A55-AD7FC70082A1}.Debug|x86.Build.0 = Debug|Win32
		{9472B4ED-3E4C-4334-9A55-AD7FC70082A1}.Release|x64.ActiveCfg = Release|x64
		{9472B4ED-3E4C-4334-9A55-AD7FC70082A1}.Release|x64.Build.0 = Release|x64
		{9472B4ED-3E4C-4334-9A55-AD7FC70082A1}.Release|x86.ActiveCfg = Release|Win32
		{9472B4ED-3E4C-4334-9A55-AD7FC70082A1}.Release|x86.Build.0 = Release|Win32
		{2E5E5118-7F77-47D6-9966-29E6E81521A5}.Debug|x64.ActiveCfg = Debug|x64
		{2E5E5118-7F77-47D6-9966-29E6E81521A5}.Debug|x64.Build.0 = Debug|x64
		{2E5E5118-7F77-47D6-9966-29E6E81521A5}.Debug|x86.ActiveCfg = Debug|Win32
		{2E5E5118-7F77-47D6-9966-29E6E81521A5}.Debug|x86.Build.0 = Debug|Win32
		{2E5E5118-7F77-47D6-9966-29E6E81521A5}.Release|x64.ActiveCfg = Release|x64
		{2E5E5118-7F77-47D6-9966-29E6E81521A5}.Release|x64.Build.0 = Release|x64
		{2E5E5118-7F77-47D6-9966-29E6E81521A5}.Release|x86.ActiveCfg = Release|Win32
		{2E5E5118-7F77-47D6-9966-29E6E81521A5}.Release|x86.Build.0 = Release|Win32
	EndGlobalSection
	GlobalSection(SolutionProperties) = preSolution
		HideSolutionNode = FALSE
	EndGlobalSection
	GlobalSection(ExtensibilityGlobals) = postSolution
		SolutionGuid = {06606E83-67CC-4552-86A3-2E89B9CC2EE2}
	EndGlobalSection
EndGlobal
